
Microsoft Visual Studio Solution File, Format Version 12.00
# Visual Studio 15
VisualStudioVersion = 15.0.28307.2017
MinimumVisualStudioVersion = 10.0.40219.1
Project("{8BC9CEB8-8B4A-11D0-8D11-00A0C91BC942}") = "w09_101_ex45", "w09_101_ex45\w09_101_ex45.vcxproj", "{E347CD88-ADBB-4259-A095-2549104EDCB5}"
EndProject
Project("{8BC9CEB8-8B4A-11D0-8D11-00A0C91BC942}") = "w09_102_ex46", "w09_102_ex46\w09_102_ex46.vcxproj", "{8FEF8AE0-2F12-45BD-883F-9F24F9389784}"
EndProject
Project("{8BC9CEB8-8B4A-11D0-8D11-00A0C91BC942}") = "w09_103_ex47_fibo", "w09_103_ex47_fibo\w09_103_ex47_fibo.vcxproj", "{406BA126-33E0-4025-AF13-3CE3058E9CED}"
EndProject
Project("{8BC9CEB8-8B4A-11D0-8D11-00A0C91BC942}") = "w09_104_struct", "w09_104_struct\w09_104_struct.vcxproj", "{27559853-AC64-47A0-B8EE-93DDE5C67A60}"
EndProject
Project("{8BC9CEB8-8B4A-11D0-8D11-00A0C91BC942}") = "w09_105_ProductInfo", "w09_105_ProductInfo\w09_105_ProductInfo.vcxproj", "{B6E791F7-6EF1-4E10-9B76-239B30C060ED}"
EndProject
Project("{8BC9CEB8-8B4A-11D0-8D11-00A0C91BC942}") = "w09_106_structPointer", "w09_106_structPointer\w09_106_structPointer.vcxproj", "{E59C5DEA-B070-4717-AAAD-10E4C1839524}"
EndProject
Project("{8BC9CEB8-8B4A-11D0-8D11-00A0C91BC942}") = "w09_107_structSwap", "w09_107_structSwap\w09_107_structSwap.vcxproj", "{2570A235-F35D-4441-9809-562E9C5AE42E}"
EndProject
Project("{8BC9CEB8-8B4A-11D0-8D11-00A0C91BC942}") = "w10_108_macro", "w10_108_macro\w10_108_macro.vcxproj", "{8092D929-09E8-422B-BED8-4B067153B8F6}"
EndProject
Project("{8BC9CEB8-8B4A-11D0-8D11-00A0C91BC942}") = "w10_109_bit", "w10_109_bit\w10_109_bit.vcxproj", "{2D1FFBAA-87D5-42FB-84C7-9DB46596EC88}"
EndProject
Project("{8BC9CEB8-8B4A-11D0-8D11-00A0C91BC942}") = "w10_110_ex51_point", "w10_110_ex51_point\w10_110_ex51_point.vcxproj", "{2B088DEC-72C0-4045-9320-88DA35D7AAC4}"
EndProject
Project("{8BC9CEB8-8B4A-11D0-8D11-00A0C91BC942}") = "w10_111_ex53_student", "w10_111_ex53_student\w10_111_ex53_student.vcxproj", "{13B01362-5132-4719-A84F-B1E49513421E}"
EndProject
Project("{8BC9CEB8-8B4A-11D0-8D11-00A0C91BC942}") = "w10_112_ex55_closestPair", "w10_112_ex55_closestPair\w10_112_ex55_closestPair.vcxproj", "{E1E06450-8648-4850-B2CD-9B21122B184F}"
EndProject
Project("{8BC9CEB8-8B4A-11D0-8D11-00A0C91BC942}") = "w10_113_bitOperator", "w10_113_bitOperator\w10_113_bitOperator.vcxproj", "{C315016D-8427-4F16-890A-1F8AA6AAB8E7}"
EndProject
Project("{8BC9CEB8-8B4A-11D0-8D11-00A0C91BC942}") = "w10_114_file", "w10_114_file\w10_114_file.vcxproj", "{29D375BF-882C-431A-BA0B-16FB1E4BFC98}"
EndProject
Project("{8BC9CEB8-8B4A-11D0-8D11-00A0C91BC942}") = "w10_115_fileIO", "w10_115_fileIO\w10_115_fileIO.vcxproj", "{DA952303-140B-4151-9401-DB556D8B093D}"
EndProject
Project("{8BC9CEB8-8B4A-11D0-8D11-00A0C91BC942}") = "w10_116_filePrint", "w10_116_filePrint\w10_116_filePrint.vcxproj", "{0846D5D4-7457-40A1-B20F-71FB8410DCF8}"
EndProject
Project("{8BC9CEB8-8B4A-11D0-8D11-00A0C91BC942}") = "w11_117_fgets", "w11_117_fgets\w11_117_fgets.vcxproj", "{A845555E-D636-484C-A9D4-B255298D638A}"
EndProject
Project("{8BC9CEB8-8B4A-11D0-8D11-00A0C91BC942}") = "w11_118_random", "w11_118_random\w11_118_random.vcxproj", "{E057A545-211F-454C-82D3-129BE0F9A7B1}"
EndProject
Project("{8BC9CEB8-8B4A-11D0-8D11-00A0C91BC942}") = "w11_119_CPP", "w11_129_CPP\w11_129_CPP.vcxproj", "{47AF6B06-F16B-4A4C-8143-0D65FC0E1958}"
EndProject
Project("{8BC9CEB8-8B4A-11D0-8D11-00A0C91BC942}") = "w11_120_cin", "w11_120_cin\w11_120_cin.vcxproj", "{EF909C9A-22CA-4CD0-BE0B-830DA7A5872A}"
EndProject
Project("{8BC9CEB8-8B4A-11D0-8D11-00A0C91BC942}") = "w11_121_string", "w11_121_string\w11_121_string.vcxproj", "{DF6AC827-0CCB-4B5B-A36A-7B224A5818A3}"
EndProject
Project("{8BC9CEB8-8B4A-11D0-8D11-00A0C91BC942}") = "w11_122_for", "w11_122_for\w11_122_for.vcxproj", "{237EC373-C956-4300-AEED-1B712CA44E2C}"
EndProject
Project("{8BC9CEB8-8B4A-11D0-8D11-00A0C91BC942}") = "w11_123_reference", "w11_123_reference\w11_123_reference.vcxproj", "{423F0CCA-2017-41B3-8539-B14AF094BE1B}"
EndProject
Project("{8BC9CEB8-8B4A-11D0-8D11-00A0C91BC942}") = "w11_124_ex56_enum", "w11_ex56_enum\w11_ex56_enum.vcxproj", "{03EA9D5F-C290-4D3F-8C26-3940ADCD5435}"
EndProject
Project("{8BC9CEB8-8B4A-11D0-8D11-00A0C91BC942}") = "w11_125_ex57_Day", "w11_ex57_Day\w11_ex57_Day.vcxproj", "{9E0AEE52-C587-44E9-BC6B-45C018E2491B}"
EndProject
Project("{8BC9CEB8-8B4A-11D0-8D11-00A0C91BC942}") = "w11_126_ex58_coffee", "w11_ex58_coffee\w11_ex58_coffee.vcxproj", "{64292BEA-2CFF-4140-BF97-97388C5B3D5F}"
EndProject
Project("{8BC9CEB8-8B4A-11D0-8D11-00A0C91BC942}") = "w11_127_ex59_define", "w11_127_ex59_define\w11_127_ex59_define.vcxproj", "{3798F83E-3785-4D03-86D3-A14B99165C31}"
EndProject
Project("{8BC9CEB8-8B4A-11D0-8D11-00A0C91BC942}") = "w11_128_ex60_mask", "w11_128_ex60_mask\w11_128_ex60_mask.vcxproj", "{584BD829-4312-4013-81EB-17D0638694A3}"
EndProject
Project("{8BC9CEB8-8B4A-11D0-8D11-00A0C91BC942}") = "w11_129_overloading", "w11_129_overloading\w11_129_overloading.vcxproj", "{B14E7FA8-40E0-4BB6-8F40-2B99807D7688}"
EndProject
Project("{8BC9CEB8-8B4A-11D0-8D11-00A0C91BC942}") = "w11_130_defaultParameter", "w11_130_defaultParameter\w11_130_defaultParameter.vcxproj", "{6D5D0955-A61D-45EC-9AD9-63DA812C6464}"
EndProject
Project("{8BC9CEB8-8B4A-11D0-8D11-00A0C91BC942}") = "w11_131_CPPsruct", "w11_131_CPPsruct\w11_131_CPPsruct.vcxproj", "{6C995226-60C0-4A1E-8479-E0D20746C4FE}"
EndProject
Project("{8BC9CEB8-8B4A-11D0-8D11-00A0C91BC942}") = "w11_132_this", "w11_132_this\w11_132_this.vcxproj", "{38D29D30-C524-463D-BC5A-227CCD94DD80}"
EndProject
Project("{8BC9CEB8-8B4A-11D0-8D11-00A0C91BC942}") = "w12_133_constructor", "w12_133_constructor\w12_133_constructor.vcxproj", "{262D38B1-4409-4F8D-8DB5-EA25C6BFDEDF}"
EndProject
Project("{8BC9CEB8-8B4A-11D0-8D11-00A0C91BC942}") = "w12_134_ex63_cincout", "w12_134_ex63_cincout\w12_134_ex63_cincout.vcxproj", "{943CA606-358A-4351-8C01-212F6D34F2C8}"
EndProject
Project("{8BC9CEB8-8B4A-11D0-8D11-00A0C91BC942}") = "w12_135_ex64_for", "w12_135_ex64_for\w12_135_ex64_for.vcxproj", "{E51FE736-A47B-442B-8C1D-6D7E2CAA8E94}"
EndProject
Project("{8BC9CEB8-8B4A-11D0-8D11-00A0C91BC942}") = "w12_136_ex65_cycle", "w12_136_ex65_cycle\w12_136_ex65_cycle.vcxproj", "{6CD9A989-FF7F-4617-967E-DA8C2C49A974}"
EndProject
Project("{8BC9CEB8-8B4A-11D0-8D11-00A0C91BC942}") = "w12_137_ex66_overloading", "w12_137_ex66_overloading\w12_137_ex66_overloading.vcxproj", "{07A84DAE-4F5D-4032-9024-AC0CA22782DE}"
EndProject
Project("{8BC9CEB8-8B4A-11D0-8D11-00A0C91BC942}") = "w12_138_ex67_Point", "w12_138_ex67_Point\w12_138_ex67_Point.vcxproj", "{CF383996-5959-4900-BBA5-900D9E8F4263}"
EndProject
Project("{8BC9CEB8-8B4A-11D0-8D11-00A0C91BC942}") = "w12_139_color", "w12_139_color\w12_139_color.vcxproj", "{CC84CE4A-E7A5-4719-9C74-94E437B5D638}"
EndProject
Project("{8BC9CEB8-8B4A-11D0-8D11-00A0C91BC942}") = "w12_140_method", "w12_140_method\w12_140_method.vcxproj", "{3FF9BE11-FFC9-423C-9441-03EFC396F980}"
EndProject
Project("{8BC9CEB8-8B4A-11D0-8D11-00A0C91BC942}") = "w13_141_staticMemberId", "w13_141_staticMemberId\w13_141_staticMemberId.vcxproj", "{FB27D35D-E18F-42BA-93B0-D7571F322F21}"
EndProject
Project("{8BC9CEB8-8B4A-11D0-8D11-00A0C91BC942}") = "w13_142_dynamicAllocation", "w13_142_dynamicAllocation\w13_142_dynamicAllocation.vcxproj", "{B6D1DFC5-8CCE-4938-B981-5E4A926E9958}"
EndProject
Project("{8BC9CEB8-8B4A-11D0-8D11-00A0C91BC942}") = "w13_143_CDynamicAllocation", "w13_143_CDynamicAllocation\w13_143_CDynamicAllocation.vcxproj", "{B3871E08-9FB7-4563-94CA-23471042615C}"
EndProject
Project("{8BC9CEB8-8B4A-11D0-8D11-00A0C91BC942}") = "w13_144_ex68_Point", "w13_144_ex68_Point\w13_144_ex68_Point.vcxproj", "{C4EE2FF7-4C47-4E06-9729-9C9CFB8F6CED}"
EndProject
Project("{8BC9CEB8-8B4A-11D0-8D11-00A0C91BC942}") = "w13_145_ex70_Rectangle", "w13_145_ex70_Rectangle\w13_145_ex70_Rectangle.vcxproj", "{7D4E51E1-3D11-49B4-9E59-574986F45C3A}"
EndProject
Project("{8BC9CEB8-8B4A-11D0-8D11-00A0C91BC942}") = "w13_146_ex71_Circle", "w13_146_ex71_Circle\w13_146_ex71_Circle.vcxproj", "{C3CAD745-C83A-4F95-A83C-30CD4A971FCF}"
EndProject
Global
	GlobalSection(SolutionConfigurationPlatforms) = preSolution
		Debug|x64 = Debug|x64
		Debug|x86 = Debug|x86
		Release|x64 = Release|x64
		Release|x86 = Release|x86
	EndGlobalSection
	GlobalSection(ProjectConfigurationPlatforms) = postSolution
		{E347CD88-ADBB-4259-A095-2549104EDCB5}.Debug|x64.ActiveCfg = Debug|x64
		{E347CD88-ADBB-4259-A095-2549104EDCB5}.Debug|x64.Build.0 = Debug|x64
		{E347CD88-ADBB-4259-A095-2549104EDCB5}.Debug|x86.ActiveCfg = Debug|Win32
		{E347CD88-ADBB-4259-A095-2549104EDCB5}.Debug|x86.Build.0 = Debug|Win32
		{E347CD88-ADBB-4259-A095-2549104EDCB5}.Release|x64.ActiveCfg = Release|x64
		{E347CD88-ADBB-4259-A095-2549104EDCB5}.Release|x64.Build.0 = Release|x64
		{E347CD88-ADBB-4259-A095-2549104EDCB5}.Release|x86.ActiveCfg = Release|Win32
		{E347CD88-ADBB-4259-A095-2549104EDCB5}.Release|x86.Build.0 = Release|Win32
		{8FEF8AE0-2F12-45BD-883F-9F24F9389784}.Debug|x64.ActiveCfg = Debug|x64
		{8FEF8AE0-2F12-45BD-883F-9F24F9389784}.Debug|x64.Build.0 = Debug|x64
		{8FEF8AE0-2F12-45BD-883F-9F24F9389784}.Debug|x86.ActiveCfg = Debug|Win32
		{8FEF8AE0-2F12-45BD-883F-9F24F9389784}.Debug|x86.Build.0 = Debug|Win32
		{8FEF8AE0-2F12-45BD-883F-9F24F9389784}.Release|x64.ActiveCfg = Release|x64
		{8FEF8AE0-2F12-45BD-883F-9F24F9389784}.Release|x64.Build.0 = Release|x64
		{8FEF8AE0-2F12-45BD-883F-9F24F9389784}.Release|x86.ActiveCfg = Release|Win32
		{8FEF8AE0-2F12-45BD-883F-9F24F9389784}.Release|x86.Build.0 = Release|Win32
		{406BA126-33E0-4025-AF13-3CE3058E9CED}.Debug|x64.ActiveCfg = Debug|x64
		{406BA126-33E0-4025-AF13-3CE3058E9CED}.Debug|x64.Build.0 = Debug|x64
		{406BA126-33E0-4025-AF13-3CE3058E9CED}.Debug|x86.ActiveCfg = Debug|Win32
		{406BA126-33E0-4025-AF13-3CE3058E9CED}.Debug|x86.Build.0 = Debug|Win32
		{406BA126-33E0-4025-AF13-3CE3058E9CED}.Release|x64.ActiveCfg = Release|x64
		{406BA126-33E0-4025-AF13-3CE3058E9CED}.Release|x64.Build.0 = Release|x64
		{406BA126-33E0-4025-AF13-3CE3058E9CED}.Release|x86.ActiveCfg = Release|Win32
		{406BA126-33E0-4025-AF13-3CE3058E9CED}.Release|x86.Build.0 = Release|Win32
		{27559853-AC64-47A0-B8EE-93DDE5C67A60}.Debug|x64.ActiveCfg = Debug|x64
		{27559853-AC64-47A0-B8EE-93DDE5C67A60}.Debug|x64.Build.0 = Debug|x64
		{27559853-AC64-47A0-B8EE-93DDE5C67A60}.Debug|x86.ActiveCfg = Debug|Win32
		{27559853-AC64-47A0-B8EE-93DDE5C67A60}.Debug|x86.Build.0 = Debug|Win32
		{27559853-AC64-47A0-B8EE-93DDE5C67A60}.Release|x64.ActiveCfg = Release|x64
		{27559853-AC64-47A0-B8EE-93DDE5C67A60}.Release|x64.Build.0 = Release|x64
		{27559853-AC64-47A0-B8EE-93DDE5C67A60}.Release|x86.ActiveCfg = Release|Win32
		{27559853-AC64-47A0-B8EE-93DDE5C67A60}.Release|x86.Build.0 = Release|Win32
		{B6E791F7-6EF1-4E10-9B76-239B30C060ED}.Debug|x64.ActiveCfg = Debug|x64
		{B6E791F7-6EF1-4E10-9B76-239B30C060ED}.Debug|x64.Build.0 = Debug|x64
		{B6E791F7-6EF1-4E10-9B76-239B30C060ED}.Debug|x86.ActiveCfg = Debug|Win32
		{B6E791F7-6EF1-4E10-9B76-239B30C060ED}.Debug|x86.Build.0 = Debug|Win32
		{B6E791F7-6EF1-4E10-9B76-239B30C060ED}.Release|x64.ActiveCfg = Release|x64
		{B6E791F7-6EF1-4E10-9B76-239B30C060ED}.Release|x64.Build.0 = Release|x64
		{B6E791F7-6EF1-4E10-9B76-239B30C060ED}.Release|x86.ActiveCfg = Release|Win32
		{B6E791F7-6EF1-4E10-9B76-239B30C060ED}.Release|x86.Build.0 = Release|Win32
		{E59C5DEA-B070-4717-AAAD-10E4C1839524}.Debug|x64.ActiveCfg = Debug|x64
		{E59C5DEA-B070-4717-AAAD-10E4C1839524}.Debug|x64.Build.0 = Debug|x64
		{E59C5DEA-B070-4717-AAAD-10E4C1839524}.Debug|x86.ActiveCfg = Debug|Win32
		{E59C5DEA-B070-4717-AAAD-10E4C1839524}.Debug|x86.Build.0 = Debug|Win32
		{E59C5DEA-B070-4717-AAAD-10E4C1839524}.Release|x64.ActiveCfg = Release|x64
		{E59C5DEA-B070-4717-AAAD-10E4C1839524}.Release|x64.Build.0 = Release|x64
		{E59C5DEA-B070-4717-AAAD-10E4C1839524}.Release|x86.ActiveCfg = Release|Win32
		{E59C5DEA-B070-4717-AAAD-10E4C1839524}.Release|x86.Build.0 = Release|Win32
		{2570A235-F35D-4441-9809-562E9C5AE42E}.Debug|x64.ActiveCfg = Debug|x64
		{2570A235-F35D-4441-9809-562E9C5AE42E}.Debug|x64.Build.0 = Debug|x64
		{2570A235-F35D-4441-9809-562E9C5AE42E}.Debug|x86.ActiveCfg = Debug|Win32
		{2570A235-F35D-4441-9809-562E9C5AE42E}.Debug|x86.Build.0 = Debug|Win32
		{2570A235-F35D-4441-9809-562E9C5AE42E}.Release|x64.ActiveCfg = Release|x64
		{2570A235-F35D-4441-9809-562E9C5AE42E}.Release|x64.Build.0 = Release|x64
		{2570A235-F35D-4441-9809-562E9C5AE42E}.Release|x86.ActiveCfg = Release|Win32
		{2570A235-F35D-4441-9809-562E9C5AE42E}.Release|x86.Build.0 = Release|Win32
		{8092D929-09E8-422B-BED8-4B067153B8F6}.Debug|x64.ActiveCfg = Debug|x64
		{8092D929-09E8-422B-BED8-4B067153B8F6}.Debug|x64.Build.0 = Debug|x64
		{8092D929-09E8-422B-BED8-4B067153B8F6}.Debug|x86.ActiveCfg = Debug|Win32
		{8092D929-09E8-422B-BED8-4B067153B8F6}.Debug|x86.Build.0 = Debug|Win32
		{8092D929-09E8-422B-BED8-4B067153B8F6}.Release|x64.ActiveCfg = Release|x64
		{8092D929-09E8-422B-BED8-4B067153B8F6}.Release|x64.Build.0 = Release|x64
		{8092D929-09E8-422B-BED8-4B067153B8F6}.Release|x86.ActiveCfg = Release|Win32
		{8092D929-09E8-422B-BED8-4B067153B8F6}.Release|x86.Build.0 = Release|Win32
		{2D1FFBAA-87D5-42FB-84C7-9DB46596EC88}.Debug|x64.ActiveCfg = Debug|x64
		{2D1FFBAA-87D5-42FB-84C7-9DB46596EC88}.Debug|x64.Build.0 = Debug|x64
		{2D1FFBAA-87D5-42FB-84C7-9DB46596EC88}.Debug|x86.ActiveCfg = Debug|Win32
		{2D1FFBAA-87D5-42FB-84C7-9DB46596EC88}.Debug|x86.Build.0 = Debug|Win32
		{2D1FFBAA-87D5-42FB-84C7-9DB46596EC88}.Release|x64.ActiveCfg = Release|x64
		{2D1FFBAA-87D5-42FB-84C7-9DB46596EC88}.Release|x64.Build.0 = Release|x64
		{2D1FFBAA-87D5-42FB-84C7-9DB46596EC88}.Release|x86.ActiveCfg = Release|Win32
		{2D1FFBAA-87D5-42FB-84C7-9DB46596EC88}.Release|x86.Build.0 = Release|Win32
		{2B088DEC-72C0-4045-9320-88DA35D7AAC4}.Debug|x64.ActiveCfg = Debug|x64
		{2B088DEC-72C0-4045-9320-88DA35D7AAC4}.Debug|x64.Build.0 = Debug|x64
		{2B088DEC-72C0-4045-9320-88DA35D7AAC4}.Debug|x86.ActiveCfg = Debug|Win32
		{2B088DEC-72C0-4045-9320-88DA35D7AAC4}.Debug|x86.Build.0 = Debug|Win32
		{2B088DEC-72C0-4045-9320-88DA35D7AAC4}.Release|x64.ActiveCfg = Release|x64
		{2B088DEC-72C0-4045-9320-88DA35D7AAC4}.Release|x64.Build.0 = Release|x64
		{2B088DEC-72C0-4045-9320-88DA35D7AAC4}.Release|x86.ActiveCfg = Release|Win32
		{2B088DEC-72C0-4045-9320-88DA35D7AAC4}.Release|x86.Build.0 = Release|Win32
		{13B01362-5132-4719-A84F-B1E49513421E}.Debug|x64.ActiveCfg = Debug|x64
		{13B01362-5132-4719-A84F-B1E49513421E}.Debug|x64.Build.0 = Debug|x64
		{13B01362-5132-4719-A84F-B1E49513421E}.Debug|x86.ActiveCfg = Debug|Win32
		{13B01362-5132-4719-A84F-B1E49513421E}.Debug|x86.Build.0 = Debug|Win32
		{13B01362-5132-4719-A84F-B1E49513421E}.Release|x64.ActiveCfg = Release|x64
		{13B01362-5132-4719-A84F-B1E49513421E}.Release|x64.Build.0 = Release|x64
		{13B01362-5132-4719-A84F-B1E49513421E}.Release|x86.ActiveCfg = Release|Win32
		{13B01362-5132-4719-A84F-B1E49513421E}.Release|x86.Build.0 = Release|Win32
		{E1E06450-8648-4850-B2CD-9B21122B184F}.Debug|x64.ActiveCfg = Debug|x64
		{E1E06450-8648-4850-B2CD-9B21122B184F}.Debug|x64.Build.0 = Debug|x64
		{E1E06450-8648-4850-B2CD-9B21122B184F}.Debug|x86.ActiveCfg = Debug|Win32
		{E1E06450-8648-4850-B2CD-9B21122B184F}.Debug|x86.Build.0 = Debug|Win32
		{E1E06450-8648-4850-B2CD-9B21122B184F}.Release|x64.ActiveCfg = Release|x64
		{E1E06450-8648-4850-B2CD-9B21122B184F}.Release|x64.Build.0 = Release|x64
		{E1E06450-8648-4850-B2CD-9B21122B184F}.Release|x86.ActiveCfg = Release|Win32
		{E1E06450-8648-4850-B2CD-9B21122B184F}.Release|x86.Build.0 = Release|Win32
		{C315016D-8427-4F16-890A-1F8AA6AAB8E7}.Debug|x64.ActiveCfg = Debug|x64
		{C315016D-8427-4F16-890A-1F8AA6AAB8E7}.Debug|x64.Build.0 = Debug|x64
		{C315016D-8427-4F16-890A-1F8AA6AAB8E7}.Debug|x86.ActiveCfg = Debug|Win32
		{C315016D-8427-4F16-890A-1F8AA6AAB8E7}.Debug|x86.Build.0 = Debug|Win32
		{C315016D-8427-4F16-890A-1F8AA6AAB8E7}.Release|x64.ActiveCfg = Release|x64
		{C315016D-8427-4F16-890A-1F8AA6AAB8E7}.Release|x64.Build.0 = Release|x64
		{C315016D-8427-4F16-890A-1F8AA6AAB8E7}.Release|x86.ActiveCfg = Release|Win32
		{C315016D-8427-4F16-890A-1F8AA6AAB8E7}.Release|x86.Build.0 = Release|Win32
		{29D375BF-882C-431A-BA0B-16FB1E4BFC98}.Debug|x64.ActiveCfg = Debug|x64
		{29D375BF-882C-431A-BA0B-16FB1E4BFC98}.Debug|x64.Build.0 = Debug|x64
		{29D375BF-882C-431A-BA0B-16FB1E4BFC98}.Debug|x86.ActiveCfg = Debug|Win32
		{29D375BF-882C-431A-BA0B-16FB1E4BFC98}.Debug|x86.Build.0 = Debug|Win32
		{29D375BF-882C-431A-BA0B-16FB1E4BFC98}.Release|x64.ActiveCfg = Release|x64
		{29D375BF-882C-431A-BA0B-16FB1E4BFC98}.Release|x64.Build.0 = Release|x64
		{29D375BF-882C-431A-BA0B-16FB1E4BFC98}.Release|x86.ActiveCfg = Release|Win32
		{29D375BF-882C-431A-BA0B-16FB1E4BFC98}.Release|x86.Build.0 = Release|Win32
		{DA952303-140B-4151-9401-DB556D8B093D}.Debug|x64.ActiveCfg = Debug|x64
		{DA952303-140B-4151-9401-DB556D8B093D}.Debug|x64.Build.0 = Debug|x64
		{DA952303-140B-4151-9401-DB556D8B093D}.Debug|x86.ActiveCfg = Debug|Win32
		{DA952303-140B-4151-9401-DB556D8B093D}.Debug|x86.Build.0 = Debug|Win32
		{DA952303-140B-4151-9401-DB556D8B093D}.Release|x64.ActiveCfg = Release|x64
		{DA952303-140B-4151-9401-DB556D8B093D}.Release|x64.Build.0 = Release|x64
		{DA952303-140B-4151-9401-DB556D8B093D}.Release|x86.ActiveCfg = Release|Win32
		{DA952303-140B-4151-9401-DB556D8B093D}.Release|x86.Build.0 = Release|Win32
		{0846D5D4-7457-40A1-B20F-71FB8410DCF8}.Debug|x64.ActiveCfg = Debug|x64
		{0846D5D4-7457-40A1-B20F-71FB8410DCF8}.Debug|x64.Build.0 = Debug|x64
		{0846D5D4-7457-40A1-B20F-71FB8410DCF8}.Debug|x86.ActiveCfg = Debug|Win32
		{0846D5D4-7457-40A1-B20F-71FB8410DCF8}.Debug|x86.Build.0 = Debug|Win32
		{0846D5D4-7457-40A1-B20F-71FB8410DCF8}.Release|x64.ActiveCfg = Release|x64
		{0846D5D4-7457-40A1-B20F-71FB8410DCF8}.Release|x64.Build.0 = Release|x64
		{0846D5D4-7457-40A1-B20F-71FB8410DCF8}.Release|x86.ActiveCfg = Release|Win32
		{0846D5D4-7457-40A1-B20F-71FB8410DCF8}.Release|x86.Build.0 = Release|Win32
		{A845555E-D636-484C-A9D4-B255298D638A}.Debug|x64.ActiveCfg = Debug|x64
		{A845555E-D636-484C-A9D4-B255298D638A}.Debug|x64.Build.0 = Debug|x64
		{A845555E-D636-484C-A9D4-B255298D638A}.Debug|x86.ActiveCfg = Debug|Win32
		{A845555E-D636-484C-A9D4-B255298D638A}.Debug|x86.Build.0 = Debug|Win32
		{A845555E-D636-484C-A9D4-B255298D638A}.Release|x64.ActiveCfg = Release|x64
		{A845555E-D636-484C-A9D4-B255298D638A}.Release|x64.Build.0 = Release|x64
		{A845555E-D636-484C-A9D4-B255298D638A}.Release|x86.ActiveCfg = Release|Win32
		{A845555E-D636-484C-A9D4-B255298D638A}.Release|x86.Build.0 = Release|Win32
		{E057A545-211F-454C-82D3-129BE0F9A7B1}.Debug|x64.ActiveCfg = Debug|x64
		{E057A545-211F-454C-82D3-129BE0F9A7B1}.Debug|x64.Build.0 = Debug|x64
		{E057A545-211F-454C-82D3-129BE0F9A7B1}.Debug|x86.ActiveCfg = Debug|Win32
		{E057A545-211F-454C-82D3-129BE0F9A7B1}.Debug|x86.Build.0 = Debug|Win32
		{E057A545-211F-454C-82D3-129BE0F9A7B1}.Release|x64.ActiveCfg = Release|x64
		{E057A545-211F-454C-82D3-129BE0F9A7B1}.Release|x64.Build.0 = Release|x64
		{E057A545-211F-454C-82D3-129BE0F9A7B1}.Release|x86.ActiveCfg = Release|Win32
		{E057A545-211F-454C-82D3-129BE0F9A7B1}.Release|x86.Build.0 = Release|Win32
		{47AF6B06-F16B-4A4C-8143-0D65FC0E1958}.Debug|x64.ActiveCfg = Debug|x64
		{47AF6B06-F16B-4A4C-8143-0D65FC0E1958}.Debug|x64.Build.0 = Debug|x64
		{47AF6B06-F16B-4A4C-8143-0D65FC0E1958}.Debug|x86.ActiveCfg = Debug|Win32
		{47AF6B06-F16B-4A4C-8143-0D65FC0E1958}.Debug|x86.Build.0 = Debug|Win32
		{47AF6B06-F16B-4A4C-8143-0D65FC0E1958}.Release|x64.ActiveCfg = Release|x64
		{47AF6B06-F16B-4A4C-8143-0D65FC0E1958}.Release|x64.Build.0 = Release|x64
		{47AF6B06-F16B-4A4C-8143-0D65FC0E1958}.Release|x86.ActiveCfg = Release|Win32
		{47AF6B06-F16B-4A4C-8143-0D65FC0E1958}.Release|x86.Build.0 = Release|Win32
		{EF909C9A-22CA-4CD0-BE0B-830DA7A5872A}.Debug|x64.ActiveCfg = Debug|x64
		{EF909C9A-22CA-4CD0-BE0B-830DA7A5872A}.Debug|x64.Build.0 = Debug|x64
		{EF909C9A-22CA-4CD0-BE0B-830DA7A5872A}.Debug|x86.ActiveCfg = Debug|Win32
		{EF909C9A-22CA-4CD0-BE0B-830DA7A5872A}.Debug|x86.Build.0 = Debug|Win32
		{EF909C9A-22CA-4CD0-BE0B-830DA7A5872A}.Release|x64.ActiveCfg = Release|x64
		{EF909C9A-22CA-4CD0-BE0B-830DA7A5872A}.Release|x64.Build.0 = Release|x64
		{EF909C9A-22CA-4CD0-BE0B-830DA7A5872A}.Release|x86.ActiveCfg = Release|Win32
		{EF909C9A-22CA-4CD0-BE0B-830DA7A5872A}.Release|x86.Build.0 = Release|Win32
		{DF6AC827-0CCB-4B5B-A36A-7B224A5818A3}.Debug|x64.ActiveCfg = Debug|x64
		{DF6AC827-0CCB-4B5B-A36A-7B224A5818A3}.Debug|x64.Build.0 = Debug|x64
		{DF6AC827-0CCB-4B5B-A36A-7B224A5818A3}.Debug|x86.ActiveCfg = Debug|Win32
		{DF6AC827-0CCB-4B5B-A36A-7B224A5818A3}.Debug|x86.Build.0 = Debug|Win32
		{DF6AC827-0CCB-4B5B-A36A-7B224A5818A3}.Release|x64.ActiveCfg = Release|x64
		{DF6AC827-0CCB-4B5B-A36A-7B224A5818A3}.Release|x64.Build.0 = Release|x64
		{DF6AC827-0CCB-4B5B-A36A-7B224A5818A3}.Release|x86.ActiveCfg = Release|Win32
		{DF6AC827-0CCB-4B5B-A36A-7B224A5818A3}.Release|x86.Build.0 = Release|Win32
		{237EC373-C956-4300-AEED-1B712CA44E2C}.Debug|x64.ActiveCfg = Debug|x64
		{237EC373-C956-4300-AEED-1B712CA44E2C}.Debug|x64.Build.0 = Debug|x64
		{237EC373-C956-4300-AEED-1B712CA44E2C}.Debug|x86.ActiveCfg = Debug|Win32
		{237EC373-C956-4300-AEED-1B712CA44E2C}.Debug|x86.Build.0 = Debug|Win32
		{237EC373-C956-4300-AEED-1B712CA44E2C}.Release|x64.ActiveCfg = Release|x64
		{237EC373-C956-4300-AEED-1B712CA44E2C}.Release|x64.Build.0 = Release|x64
		{237EC373-C956-4300-AEED-1B712CA44E2C}.Release|x86.ActiveCfg = Release|Win32
		{237EC373-C956-4300-AEED-1B712CA44E2C}.Release|x86.Build.0 = Release|Win32
		{423F0CCA-2017-41B3-8539-B14AF094BE1B}.Debug|x64.ActiveCfg = Debug|x64
		{423F0CCA-2017-41B3-8539-B14AF094BE1B}.Debug|x64.Build.0 = Debug|x64
		{423F0CCA-2017-41B3-8539-B14AF094BE1B}.Debug|x86.ActiveCfg = Debug|Win32
		{423F0CCA-2017-41B3-8539-B14AF094BE1B}.Debug|x86.Build.0 = Debug|Win32
		{423F0CCA-2017-41B3-8539-B14AF094BE1B}.Release|x64.ActiveCfg = Release|x64
		{423F0CCA-2017-41B3-8539-B14AF094BE1B}.Release|x64.Build.0 = Release|x64
		{423F0CCA-2017-41B3-8539-B14AF094BE1B}.Release|x86.ActiveCfg = Release|Win32
		{423F0CCA-2017-41B3-8539-B14AF094BE1B}.Release|x86.Build.0 = Release|Win32
		{03EA9D5F-C290-4D3F-8C26-3940ADCD5435}.Debug|x64.ActiveCfg = Debug|x64
		{03EA9D5F-C290-4D3F-8C26-3940ADCD5435}.Debug|x64.Build.0 = Debug|x64
		{03EA9D5F-C290-4D3F-8C26-3940ADCD5435}.Debug|x86.ActiveCfg = Debug|Win32
		{03EA9D5F-C290-4D3F-8C26-3940ADCD5435}.Debug|x86.Build.0 = Debug|Win32
		{03EA9D5F-C290-4D3F-8C26-3940ADCD5435}.Release|x64.ActiveCfg = Release|x64
		{03EA9D5F-C290-4D3F-8C26-3940ADCD5435}.Release|x64.Build.0 = Release|x64
		{03EA9D5F-C290-4D3F-8C26-3940ADCD5435}.Release|x86.ActiveCfg = Release|Win32
		{03EA9D5F-C290-4D3F-8C26-3940ADCD5435}.Release|x86.Build.0 = Release|Win32
		{9E0AEE52-C587-44E9-BC6B-45C018E2491B}.Debug|x64.ActiveCfg = Debug|x64
		{9E0AEE52-C587-44E9-BC6B-45C018E2491B}.Debug|x64.Build.0 = Debug|x64
		{9E0AEE52-C587-44E9-BC6B-45C018E2491B}.Debug|x86.ActiveCfg = Debug|Win32
		{9E0AEE52-C587-44E9-BC6B-45C018E2491B}.Debug|x86.Build.0 = Debug|Win32
		{9E0AEE52-C587-44E9-BC6B-45C018E2491B}.Release|x64.ActiveCfg = Release|x64
		{9E0AEE52-C587-44E9-BC6B-45C018E2491B}.Release|x64.Build.0 = Release|x64
		{9E0AEE52-C587-44E9-BC6B-45C018E2491B}.Release|x86.ActiveCfg = Release|Win32
		{9E0AEE52-C587-44E9-BC6B-45C018E2491B}.Release|x86.Build.0 = Release|Win32
		{64292BEA-2CFF-4140-BF97-97388C5B3D5F}.Debug|x64.ActiveCfg = Debug|x64
		{64292BEA-2CFF-4140-BF97-97388C5B3D5F}.Debug|x64.Build.0 = Debug|x64
		{64292BEA-2CFF-4140-BF97-97388C5B3D5F}.Debug|x86.ActiveCfg = Debug|Win32
		{64292BEA-2CFF-4140-BF97-97388C5B3D5F}.Debug|x86.Build.0 = Debug|Win32
		{64292BEA-2CFF-4140-BF97-97388C5B3D5F}.Release|x64.ActiveCfg = Release|x64
		{64292BEA-2CFF-4140-BF97-97388C5B3D5F}.Release|x64.Build.0 = Release|x64
		{64292BEA-2CFF-4140-BF97-97388C5B3D5F}.Release|x86.ActiveCfg = Release|Win32
		{64292BEA-2CFF-4140-BF97-97388C5B3D5F}.Release|x86.Build.0 = Release|Win32
		{3798F83E-3785-4D03-86D3-A14B99165C31}.Debug|x64.ActiveCfg = Debug|x64
		{3798F83E-3785-4D03-86D3-A14B99165C31}.Debug|x64.Build.0 = Debug|x64
		{3798F83E-3785-4D03-86D3-A14B99165C31}.Debug|x86.ActiveCfg = Debug|Win32
		{3798F83E-3785-4D03-86D3-A14B99165C31}.Debug|x86.Build.0 = Debug|Win32
		{3798F83E-3785-4D03-86D3-A14B99165C31}.Release|x64.ActiveCfg = Release|x64
		{3798F83E-3785-4D03-86D3-A14B99165C31}.Release|x64.Build.0 = Release|x64
		{3798F83E-3785-4D03-86D3-A14B99165C31}.Release|x86.ActiveCfg = Release|Win32
		{3798F83E-3785-4D03-86D3-A14B99165C31}.Release|x86.Build.0 = Release|Win32
		{584BD829-4312-4013-81EB-17D0638694A3}.Debug|x64.ActiveCfg = Debug|x64
		{584BD829-4312-4013-81EB-17D0638694A3}.Debug|x64.Build.0 = Debug|x64
		{584BD829-4312-4013-81EB-17D0638694A3}.Debug|x86.ActiveCfg = Debug|Win32
		{584BD829-4312-4013-81EB-17D0638694A3}.Debug|x86.Build.0 = Debug|Win32
		{584BD829-4312-4013-81EB-17D0638694A3}.Release|x64.ActiveCfg = Release|x64
		{584BD829-4312-4013-81EB-17D0638694A3}.Release|x64.Build.0 = Release|x64
		{584BD829-4312-4013-81EB-17D0638694A3}.Release|x86.ActiveCfg = Release|Win32
		{584BD829-4312-4013-81EB-17D0638694A3}.Release|x86.Build.0 = Release|Win32
		{B14E7FA8-40E0-4BB6-8F40-2B99807D7688}.Debug|x64.ActiveCfg = Debug|x64
		{B14E7FA8-40E0-4BB6-8F40-2B99807D7688}.Debug|x64.Build.0 = Debug|x64
		{B14E7FA8-40E0-4BB6-8F40-2B99807D7688}.Debug|x86.ActiveCfg = Debug|Win32
		{B14E7FA8-40E0-4BB6-8F40-2B99807D7688}.Debug|x86.Build.0 = Debug|Win32
		{B14E7FA8-40E0-4BB6-8F40-2B99807D7688}.Release|x64.ActiveCfg = Release|x64
		{B14E7FA8-40E0-4BB6-8F40-2B99807D7688}.Release|x64.Build.0 = Release|x64
		{B14E7FA8-40E0-4BB6-8F40-2B99807D7688}.Release|x86.ActiveCfg = Release|Win32
		{B14E7FA8-40E0-4BB6-8F40-2B99807D7688}.Release|x86.Build.0 = Release|Win32
		{6D5D0955-A61D-45EC-9AD9-63DA812C6464}.Debug|x64.ActiveCfg = Debug|x64
		{6D5D0955-A61D-45EC-9AD9-63DA812C6464}.Debug|x64.Build.0 = Debug|x64
		{6D5D0955-A61D-45EC-9AD9-63DA812C6464}.Debug|x86.ActiveCfg = Debug|Win32
		{6D5D0955-A61D-45EC-9AD9-63DA812C6464}.Debug|x86.Build.0 = Debug|Win32
		{6D5D0955-A61D-45EC-9AD9-63DA812C6464}.Release|x64.ActiveCfg = Release|x64
		{6D5D0955-A61D-45EC-9AD9-63DA812C6464}.Release|x64.Build.0 = Release|x64
		{6D5D0955-A61D-45EC-9AD9-63DA812C6464}.Release|x86.ActiveCfg = Release|Win32
		{6D5D0955-A61D-45EC-9AD9-63DA812C6464}.Release|x86.Build.0 = Release|Win32
		{6C995226-60C0-4A1E-8479-E0D20746C4FE}.Debug|x64.ActiveCfg = Debug|x64
		{6C995226-60C0-4A1E-8479-E0D20746C4FE}.Debug|x64.Build.0 = Debug|x64
		{6C995226-60C0-4A1E-8479-E0D20746C4FE}.Debug|x86.ActiveCfg = Debug|Win32
		{6C995226-60C0-4A1E-8479-E0D20746C4FE}.Debug|x86.Build.0 = Debug|Win32
		{6C995226-60C0-4A1E-8479-E0D20746C4FE}.Release|x64.ActiveCfg = Release|x64
		{6C995226-60C0-4A1E-8479-E0D20746C4FE}.Release|x64.Build.0 = Release|x64
		{6C995226-60C0-4A1E-8479-E0D20746C4FE}.Release|x86.ActiveCfg = Release|Win32
		{6C995226-60C0-4A1E-8479-E0D20746C4FE}.Release|x86.Build.0 = Release|Win32
		{38D29D30-C524-463D-BC5A-227CCD94DD80}.Debug|x64.ActiveCfg = Debug|x64
		{38D29D30-C524-463D-BC5A-227CCD94DD80}.Debug|x64.Build.0 = Debug|x64
		{38D29D30-C524-463D-BC5A-227CCD94DD80}.Debug|x86.ActiveCfg = Debug|Win32
		{38D29D30-C524-463D-BC5A-227CCD94DD80}.Debug|x86.Build.0 = Debug|Win32
		{38D29D30-C524-463D-BC5A-227CCD94DD80}.Release|x64.ActiveCfg = Release|x64
		{38D29D30-C524-463D-BC5A-227CCD94DD80}.Release|x64.Build.0 = Release|x64
		{38D29D30-C524-463D-BC5A-227CCD94DD80}.Release|x86.ActiveCfg = Release|Win32
		{38D29D30-C524-463D-BC5A-227CCD94DD80}.Release|x86.Build.0 = Release|Win32
		{262D38B1-4409-4F8D-8DB5-EA25C6BFDEDF}.Debug|x64.ActiveCfg = Debug|x64
		{262D38B1-4409-4F8D-8DB5-EA25C6BFDEDF}.Debug|x64.Build.0 = Debug|x64
		{262D38B1-4409-4F8D-8DB5-EA25C6BFDEDF}.Debug|x86.ActiveCfg = Debug|Win32
		{262D38B1-4409-4F8D-8DB5-EA25C6BFDEDF}.Debug|x86.Build.0 = Debug|Win32
		{262D38B1-4409-4F8D-8DB5-EA25C6BFDEDF}.Release|x64.ActiveCfg = Release|x64
		{262D38B1-4409-4F8D-8DB5-EA25C6BFDEDF}.Release|x64.Build.0 = Release|x64
		{262D38B1-4409-4F8D-8DB5-EA25C6BFDEDF}.Release|x86.ActiveCfg = Release|Win32
		{262D38B1-4409-4F8D-8DB5-EA25C6BFDEDF}.Release|x86.Build.0 = Release|Win32
		{943CA606-358A-4351-8C01-212F6D34F2C8}.Debug|x64.ActiveCfg = Debug|x64
		{943CA606-358A-4351-8C01-212F6D34F2C8}.Debug|x64.Build.0 = Debug|x64
		{943CA606-358A-4351-8C01-212F6D34F2C8}.Debug|x86.ActiveCfg = Debug|Win32
		{943CA606-358A-4351-8C01-212F6D34F2C8}.Debug|x86.Build.0 = Debug|Win32
		{943CA606-358A-4351-8C01-212F6D34F2C8}.Release|x64.ActiveCfg = Release|x64
		{943CA606-358A-4351-8C01-212F6D34F2C8}.Release|x64.Build.0 = Release|x64
		{943CA606-358A-4351-8C01-212F6D34F2C8}.Release|x86.ActiveCfg = Release|Win32
		{943CA606-358A-4351-8C01-212F6D34F2C8}.Release|x86.Build.0 = Release|Win32
		{E51FE736-A47B-442B-8C1D-6D7E2CAA8E94}.Debug|x64.ActiveCfg = Debug|x64
		{E51FE736-A47B-442B-8C1D-6D7E2CAA8E94}.Debug|x64.Build.0 = Debug|x64
		{E51FE736-A47B-442B-8C1D-6D7E2CAA8E94}.Debug|x86.ActiveCfg = Debug|Win32
		{E51FE736-A47B-442B-8C1D-6D7E2CAA8E94}.Debug|x86.Build.0 = Debug|Win32
		{E51FE736-A47B-442B-8C1D-6D7E2CAA8E94}.Release|x64.ActiveCfg = Release|x64
		{E51FE736-A47B-442B-8C1D-6D7E2CAA8E94}.Release|x64.Build.0 = Release|x64
		{E51FE736-A47B-442B-8C1D-6D7E2CAA8E94}.Release|x86.ActiveCfg = Release|Win32
		{E51FE736-A47B-442B-8C1D-6D7E2CAA8E94}.Release|x86.Build.0 = Release|Win32
		{6CD9A989-FF7F-4617-967E-DA8C2C49A974}.Debug|x64.ActiveCfg = Debug|x64
		{6CD9A989-FF7F-4617-967E-DA8C2C49A974}.Debug|x64.Build.0 = Debug|x64
		{6CD9A989-FF7F-4617-967E-DA8C2C49A974}.Debug|x86.ActiveCfg = Debug|Win32
		{6CD9A989-FF7F-4617-967E-DA8C2C49A974}.Debug|x86.Build.0 = Debug|Win32
		{6CD9A989-FF7F-4617-967E-DA8C2C49A974}.Release|x64.ActiveCfg = Release|x64
		{6CD9A989-FF7F-4617-967E-DA8C2C49A974}.Release|x64.Build.0 = Release|x64
		{6CD9A989-FF7F-4617-967E-DA8C2C49A974}.Release|x86.ActiveCfg = Release|Win32
		{6CD9A989-FF7F-4617-967E-DA8C2C49A974}.Release|x86.Build.0 = Release|Win32
		{07A84DAE-4F5D-4032-9024-AC0CA22782DE}.Debug|x64.ActiveCfg = Debug|x64
		{07A84DAE-4F5D-4032-9024-AC0CA22782DE}.Debug|x64.Build.0 = Debug|x64
		{07A84DAE-4F5D-4032-9024-AC0CA22782DE}.Debug|x86.ActiveCfg = Debug|Win32
		{07A84DAE-4F5D-4032-9024-AC0CA22782DE}.Debug|x86.Build.0 = Debug|Win32
		{07A84DAE-4F5D-4032-9024-AC0CA22782DE}.Release|x64.ActiveCfg = Release|x64
		{07A84DAE-4F5D-4032-9024-AC0CA22782DE}.Release|x64.Build.0 = Release|x64
		{07A84DAE-4F5D-4032-9024-AC0CA22782DE}.Release|x86.ActiveCfg = Release|Win32
		{07A84DAE-4F5D-4032-9024-AC0CA22782DE}.Release|x86.Build.0 = Release|Win32
		{CF383996-5959-4900-BBA5-900D9E8F4263}.Debug|x64.ActiveCfg = Debug|x64
		{CF383996-5959-4900-BBA5-900D9E8F4263}.Debug|x64.Build.0 = Debug|x64
		{CF383996-5959-4900-BBA5-900D9E8F4263}.Debug|x86.ActiveCfg = Debug|Win32
		{CF383996-5959-4900-BBA5-900D9E8F4263}.Debug|x86.Build.0 = Debug|Win32
		{CF383996-5959-4900-BBA5-900D9E8F4263}.Release|x64.ActiveCfg = Release|x64
		{CF383996-5959-4900-BBA5-900D9E8F4263}.Release|x64.Build.0 = Release|x64
		{CF383996-5959-4900-BBA5-900D9E8F4263}.Release|x86.ActiveCfg = Release|Win32
		{CF383996-5959-4900-BBA5-900D9E8F4263}.Release|x86.Build.0 = Release|Win32
		{CC84CE4A-E7A5-4719-9C74-94E437B5D638}.Debug|x64.ActiveCfg = Debug|x64
		{CC84CE4A-E7A5-4719-9C74-94E437B5D638}.Debug|x64.Build.0 = Debug|x64
		{CC84CE4A-E7A5-4719-9C74-94E437B5D638}.Debug|x86.ActiveCfg = Debug|Win32
		{CC84CE4A-E7A5-4719-9C74-94E437B5D638}.Debug|x86.Build.0 = Debug|Win32
		{CC84CE4A-E7A5-4719-9C74-94E437B5D638}.Release|x64.ActiveCfg = Release|x64
		{CC84CE4A-E7A5-4719-9C74-94E437B5D638}.Release|x64.Build.0 = Release|x64
		{CC84CE4A-E7A5-4719-9C74-94E437B5D638}.Release|x86.ActiveCfg = Release|Win32
		{CC84CE4A-E7A5-4719-9C74-94E437B5D638}.Release|x86.Build.0 = Release|Win32
		{3FF9BE11-FFC9-423C-9441-03EFC396F980}.Debug|x64.ActiveCfg = Debug|x64
		{3FF9BE11-FFC9-423C-9441-03EFC396F980}.Debug|x64.Build.0 = Debug|x64
		{3FF9BE11-FFC9-423C-9441-03EFC396F980}.Debug|x86.ActiveCfg = Debug|Win32
		{3FF9BE11-FFC9-423C-9441-03EFC396F980}.Debug|x86.Build.0 = Debug|Win32
		{3FF9BE11-FFC9-423C-9441-03EFC396F980}.Release|x64.ActiveCfg = Release|x64
		{3FF9BE11-FFC9-423C-9441-03EFC396F980}.Release|x64.Build.0 = Release|x64
		{3FF9BE11-FFC9-423C-9441-03EFC396F980}.Release|x86.ActiveCfg = Release|Win32
		{3FF9BE11-FFC9-423C-9441-03EFC396F980}.Release|x86.Build.0 = Release|Win32
		{FB27D35D-E18F-42BA-93B0-D7571F322F21}.Debug|x64.ActiveCfg = Debug|x64
		{FB27D35D-E18F-42BA-93B0-D7571F322F21}.Debug|x64.Build.0 = Debug|x64
		{FB27D35D-E18F-42BA-93B0-D7571F322F21}.Debug|x86.ActiveCfg = Debug|Win32
		{FB27D35D-E18F-42BA-93B0-D7571F322F21}.Debug|x86.Build.0 = Debug|Win32
		{FB27D35D-E18F-42BA-93B0-D7571F322F21}.Release|x64.ActiveCfg = Release|x64
		{FB27D35D-E18F-42BA-93B0-D7571F322F21}.Release|x64.Build.0 = Release|x64
		{FB27D35D-E18F-42BA-93B0-D7571F322F21}.Release|x86.ActiveCfg = Release|Win32
		{FB27D35D-E18F-42BA-93B0-D7571F322F21}.Release|x86.Build.0 = Release|Win32
		{B6D1DFC5-8CCE-4938-B981-5E4A926E9958}.Debug|x64.ActiveCfg = Debug|x64
		{B6D1DFC5-8CCE-4938-B981-5E4A926E9958}.Debug|x64.Build.0 = Debug|x64
		{B6D1DFC5-8CCE-4938-B981-5E4A926E9958}.Debug|x86.ActiveCfg = Debug|Win32
		{B6D1DFC5-8CCE-4938-B981-5E4A926E9958}.Debug|x86.Build.0 = Debug|Win32
		{B6D1DFC5-8CCE-4938-B981-5E4A926E9958}.Release|x64.ActiveCfg = Release|x64
		{B6D1DFC5-8CCE-4938-B981-5E4A926E9958}.Release|x64.Build.0 = Release|x64
		{B6D1DFC5-8CCE-4938-B981-5E4A926E9958}.Release|x86.ActiveCfg = Release|Win32
		{B6D1DFC5-8CCE-4938-B981-5E4A926E9958}.Release|x86.Build.0 = Release|Win32
		{B3871E08-9FB7-4563-94CA-23471042615C}.Debug|x64.ActiveCfg = Debug|x64
		{B3871E08-9FB7-4563-94CA-23471042615C}.Debug|x64.Build.0 = Debug|x64
		{B3871E08-9FB7-4563-94CA-23471042615C}.Debug|x86.ActiveCfg = Debug|Win32
		{B3871E08-9FB7-4563-94CA-23471042615C}.Debug|x86.Build.0 = Debug|Win32
		{B3871E08-9FB7-4563-94CA-23471042615C}.Release|x64.ActiveCfg = Release|x64
		{B3871E08-9FB7-4563-94CA-23471042615C}.Release|x64.Build.0 = Release|x64
		{B3871E08-9FB7-4563-94CA-23471042615C}.Release|x86.ActiveCfg = Release|Win32
		{B3871E08-9FB7-4563-94CA-23471042615C}.Release|x86.Build.0 = Release|Win32
		{C4EE2FF7-4C47-4E06-9729-9C9CFB8F6CED}.Debug|x64.ActiveCfg = Debug|x64
		{C4EE2FF7-4C47-4E06-9729-9C9CFB8F6CED}.Debug|x64.Build.0 = Debug|x64
		{C4EE2FF7-4C47-4E06-9729-9C9CFB8F6CED}.Debug|x86.ActiveCfg = Debug|Win32
		{C4EE2FF7-4C47-4E06-9729-9C9CFB8F6CED}.Debug|x86.Build.0 = Debug|Win32
		{C4EE2FF7-4C47-4E06-9729-9C9CFB8F6CED}.Release|x64.ActiveCfg = Release|x64
		{C4EE2FF7-4C47-4E06-9729-9C9CFB8F6CED}.Release|x64.Build.0 = Release|x64
		{C4EE2FF7-4C47-4E06-9729-9C9CFB8F6CED}.Release|x86.ActiveCfg = Release|Win32
		{C4EE2FF7-4C47-4E06-9729-9C9CFB8F6CED}.Release|x86.Build.0 = Release|Win32
		{7D4E51E1-3D11-49B4-9E59-574986F45C3A}.Debug|x64.ActiveCfg = Debug|x64
		{7D4E51E1-3D11-49B4-9E59-574986F45C3A}.Debug|x64.Build.0 = Debug|x64
		{7D4E51E1-3D11-49B4-9E59-574986F45C3A}.Debug|x86.ActiveCfg = Debug|Win32
		{7D4E51E1-3D11-49B4-9E59-574986F45C3A}.Debug|x86.Build.0 = Debug|Win32
		{7D4E51E1-3D11-49B4-9E59-574986F45C3A}.Release|x64.ActiveCfg = Release|x64
		{7D4E51E1-3D11-49B4-9E59-574986F45C3A}.Release|x64.Build.0 = Release|x64
		{7D4E51E1-3D11-49B4-9E59-574986F45C3A}.Release|x86.ActiveCfg = Release|Win32
		{7D4E51E1-3D11-49B4-9E59-574986F45C3A}.Release|x86.Build.0 = Release|Win32
		{C3CAD745-C83A-4F95-A83C-30CD4A971FCF}.Debug|x64.ActiveCfg = Debug|x64
		{C3CAD745-C83A-4F95-A83C-30CD4A971FCF}.Debug|x64.Build.0 = Debug|x64
		{C3CAD745-C83A-4F95-A83C-30CD4A971FCF}.Debug|x86.ActiveCfg = Debug|Win32
		{C3CAD745-C83A-4F95-A83C-30CD4A971FCF}.Debug|x86.Build.0 = Debug|Win32
		{C3CAD745-C83A-4F95-A83C-30CD4A971FCF}.Release|x64.ActiveCfg = Release|x64
		{C3CAD745-C83A-4F95-A83C-30CD4A971FCF}.Release|x64.Build.0 = Release|x64
		{C3CAD745-C83A-4F95-A83C-30CD4A971FCF}.Release|x86.ActiveCfg = Release|Win32
		{C3CAD745-C83A-4F95-A83C-30CD4A971FCF}.Release|x86.Build.0 = Release|Win32
	EndGlobalSection
	GlobalSection(SolutionProperties) = preSolution
		HideSolutionNode = FALSE
	EndGlobalSection
	GlobalSection(ExtensibilityGlobals) = postSolution
		SolutionGuid = {7B29EAB9-66FF-4262-B18B-ECB36DDD4FB2}
	EndGlobalSection
EndGlobal
