
Microsoft Visual Studio Solution File, Format Version 12.00
# Visual Studio 15
VisualStudioVersion = 15.0.28307.2017
MinimumVisualStudioVersion = 10.0.40219.1
Project("{8BC9CEB8-8B4A-11D0-8D11-00A0C91BC942}") = "W02_001_HelloWorld", "W02_001_HelloWorld\W02_001_HelloWorld.vcxproj", "{58DA97A6-C11F-4D73-81EC-5060FD7E2D91}"
EndProject
Project("{8BC9CEB8-8B4A-11D0-8D11-00A0C91BC942}") = "W02_002_Eastsea", "W02_002_Eastsea\W02_002_Eastsea.vcxproj", "{C678CB0E-9FE6-458F-BD1B-865C6D67ED52}"
EndProject
Project("{8BC9CEB8-8B4A-11D0-8D11-00A0C91BC942}") = "w02_003_235", "w02_003_235\w02_003_235.vcxproj", "{109187C1-A5F2-477B-B984-4315CA659D1E}"
EndProject
Project("{8BC9CEB8-8B4A-11D0-8D11-00A0C91BC942}") = "W02_004_format", "W02_004_format\W02_004_format.vcxproj", "{20ECC9ED-179A-4540-B35C-5FF1AA6DE313}"
EndProject
Project("{8BC9CEB8-8B4A-11D0-8D11-00A0C91BC942}") = "w02_005_ex1", "w02_005_ex1\w02_005_ex1.vcxproj", "{B1B6FBCD-8C0B-4A6B-B650-A6B5EB7A7E66}"
EndProject
Project("{8BC9CEB8-8B4A-11D0-8D11-00A0C91BC942}") = "w02_006_ex2", "w02_006_ex2\w02_006_ex2.vcxproj", "{5FE8C491-9E2D-4585-A0B5-770ABC88BB73}"
EndProject
Project("{8BC9CEB8-8B4A-11D0-8D11-00A0C91BC942}") = "w02_007_ex3", "w2_007_ex3\w2_007_ex3.vcxproj", "{E2527E78-8D3A-4D4C-9CCF-B446BF657046}"
EndProject
Project("{8BC9CEB8-8B4A-11D0-8D11-00A0C91BC942}") = "w02_008_ex4", "w2_008_ex4\w2_008_ex4.vcxproj", "{941B2988-91B6-4705-B223-5DE2C4A597AF}"
EndProject
Project("{8BC9CEB8-8B4A-11D0-8D11-00A0C91BC942}") = "w02_009_ex5", "w02_009_ex5\w02_009_ex5.vcxproj", "{B3B982CD-D664-4F05-9AF6-550CDA47A666}"
EndProject
Project("{8BC9CEB8-8B4A-11D0-8D11-00A0C91BC942}") = "w02_010_var", "w02_010_var\w02_010_var.vcxproj", "{A6216E1E-D8ED-4AB3-A634-E9EDEF107072}"
EndProject
Project("{8BC9CEB8-8B4A-11D0-8D11-00A0C91BC942}") = "w02_011_sum", "w02_011_sum\w02_011_sum.vcxproj", "{0650FB7C-D764-404F-BC39-78457C10CB09}"
EndProject
Project("{8BC9CEB8-8B4A-11D0-8D11-00A0C91BC942}") = "w02_012_calc", "w002_012_calc\w002_012_calc.vcxproj", "{21F22CCA-05E2-44FD-9176-741BF9E8B3EC}"
EndProject
Project("{8BC9CEB8-8B4A-11D0-8D11-00A0C91BC942}") = "w02_013_float", "w02_013_float\w02_013_float.vcxproj", "{555A92B3-17C3-43D8-AA06-5593A31782BF}"
EndProject
Project("{8BC9CEB8-8B4A-11D0-8D11-00A0C91BC942}") = "w03_014_type", "w03_014_type\w03_014_type.vcxproj", "{1A9934F5-ABDE-4C6C-B753-DF48E7ADA1CB}"
EndProject
Project("{8BC9CEB8-8B4A-11D0-8D11-00A0C91BC942}") = "w03_015_conversion", "w03_015_conversion\w03_015_conversion.vcxproj", "{9657F31C-E2C7-4D6E-A8D8-B81A065E0285}"
EndProject
Project("{8BC9CEB8-8B4A-11D0-8D11-00A0C91BC942}") = "w03_016_ascii", "w03_016_ascii\w03_016_ascii.vcxproj", "{422BE03A-78D2-4F4C-B76C-D81351FFDBBE}"
EndProject
Project("{8BC9CEB8-8B4A-11D0-8D11-00A0C91BC942}") = "w03_017_plusplus", "w03_017_plusplus\w03_017_plusplus.vcxproj", "{4BF924CF-E41E-4629-8CEE-C48718F57A12}"
EndProject
Project("{8BC9CEB8-8B4A-11D0-8D11-00A0C91BC942}") = "w03_018_bool", "w03_018_bool\w03_018_bool.vcxproj", "{FF071C67-7E04-4DCF-B321-203585AA8F28}"
EndProject
Project("{8BC9CEB8-8B4A-11D0-8D11-00A0C91BC942}") = "w03_019_logic", "w02_019_logic\w02_019_logic.vcxproj", "{14EA6E8E-567C-4A22-B46C-8FDBBC258BD2}"
EndProject
Project("{8BC9CEB8-8B4A-11D0-8D11-00A0C91BC942}") = "w03_020_scanf", "w03_020_scanf\w03_020_scanf.vcxproj", "{7D0F3CE8-E99E-4DCF-A5B2-0B6C99773344}"
EndProject
Project("{8BC9CEB8-8B4A-11D0-8D11-00A0C91BC942}") = "w03_021_ex6", "w03_021_ex6\w03_021_ex6.vcxproj", "{3F3BE5DB-221A-4C4F-99AD-50755DC95DAC}"
EndProject
Project("{8BC9CEB8-8B4A-11D0-8D11-00A0C91BC942}") = "w03_022_ex7_bmi", "w03_022_ex7_bmi\w03_022_ex7_bmi.vcxproj", "{BE3EA124-3622-4F1A-B566-E7573B2DFD2D}"
EndProject
Project("{8BC9CEB8-8B4A-11D0-8D11-00A0C91BC942}") = "w03_023_ex8", "w03_033_ex8\w03_033_ex8.vcxproj", "{24D965EA-833A-4D31-B06F-8E4790658F3D}"
EndProject
Project("{8BC9CEB8-8B4A-11D0-8D11-00A0C91BC942}") = "w03_024_ex9_sizeof", "w03_024_ex9_sizeof\w03_024_ex9_sizeof.vcxproj", "{F6D072FD-3F84-4322-96FA-111E11BEAAA8}"
EndProject
Project("{8BC9CEB8-8B4A-11D0-8D11-00A0C91BC942}") = "w03_025_ex10_relationalOp", "w03_025_ex10_relationalOp\w03_025_ex10_relationalOp.vcxproj", "{543DE927-6079-45AE-A3E4-C41208021A0E}"
EndProject
Project("{8BC9CEB8-8B4A-11D0-8D11-00A0C91BC942}") = "w03_026_ex11_logicOp", "w03_026_logicOp\w03_026_logicOp.vcxproj", "{054D65A7-CF4F-4333-BD64-82D1C8FDA402}"
EndProject
Project("{8BC9CEB8-8B4A-11D0-8D11-00A0C91BC942}") = "w03_027_ex12", "w03_027_ex12\w03_027_ex12.vcxproj", "{AD3D6F04-2EB4-49E4-B61E-85C3A61EC856}"
EndProject
Project("{8BC9CEB8-8B4A-11D0-8D11-00A0C91BC942}") = "w03_028_ex15", "w03_028_ex15\w03_028_ex15.vcxproj", "{85100653-0D0F-4F9E-8E5F-7A805B468AEB}"
EndProject
Project("{8BC9CEB8-8B4A-11D0-8D11-00A0C91BC942}") = "w03_029_if", "w03_029_if\w03_029_if.vcxproj", "{0A0EC8FA-0C92-491A-8690-85B5E366BC5C}"
EndProject
Project("{8BC9CEB8-8B4A-11D0-8D11-00A0C91BC942}") = "w03_030_score", "w03_030_score\w03_030_score.vcxproj", "{8052EED2-2012-4555-99CF-8987FDF38153}"
EndProject
Project("{8BC9CEB8-8B4A-11D0-8D11-00A0C91BC942}") = "w03_031_abc", "w03_031_abc\w03_031_abc.vcxproj", "{DDD96AA6-2C02-4E5A-B437-434D17CF5EBA}"
EndProject
Project("{8BC9CEB8-8B4A-11D0-8D11-00A0C91BC942}") = "w03_032_abc1", "w03_031_abc1\w03_031_abc1.vcxproj", "{D872D7E4-2FB6-4BF4-8D0B-5893F13A2277}"
EndProject
Project("{8BC9CEB8-8B4A-11D0-8D11-00A0C91BC942}") = "w03_033_menu", "w03_033_menu\w03_033_menu.vcxproj", "{11EA4C28-DEA1-4667-916E-81B9F2EC4729}"
EndProject
Project("{8BC9CEB8-8B4A-11D0-8D11-00A0C91BC942}") = "w04_034_grade", "w04_033_grade\w04_033_grade.vcxproj", "{313111F4-2B70-4C72-9109-A550F29F2CEB}"
EndProject
Project("{8BC9CEB8-8B4A-11D0-8D11-00A0C91BC942}") = "w04_035_while", "w04_035_while\w04_035_while.vcxproj", "{FA74D24D-A21F-4B6D-BB25-DF2F9A58ECC9}"
EndProject
Project("{8BC9CEB8-8B4A-11D0-8D11-00A0C91BC942}") = "w04_036_while", "w04_036_while\w04_036_while.vcxproj", "{8FA23DBA-63B9-42B5-9677-891459AF7DA4}"
EndProject
Project("{8BC9CEB8-8B4A-11D0-8D11-00A0C91BC942}") = "w04_037_infinite", "w04_037_infinite\w04_037_infinite.vcxproj", "{B8F7E9C1-1351-450A-9FDA-F667D1F2965C}"
EndProject
Project("{8BC9CEB8-8B4A-11D0-8D11-00A0C91BC942}") = "w04_038_dowhile", "w04_038_dowhile\w04_038_dowhile.vcxproj", "{EB5A9010-099E-44AE-8066-7837CCE6A153}"
EndProject
Project("{8BC9CEB8-8B4A-11D0-8D11-00A0C91BC942}") = "w04_039_dowhile", "w04_039_dowhile\w04_039_dowhile.vcxproj", "{7FF97542-92F7-49DC-A66B-188EDBB4FD87}"
EndProject
Project("{8BC9CEB8-8B4A-11D0-8D11-00A0C91BC942}") = "w04_040_star", "w04_040_star\w04_040_star.vcxproj", "{FE3DB6D9-5E8F-4230-9208-B820BC0C1E1F}"
EndProject
Project("{8BC9CEB8-8B4A-11D0-8D11-00A0C91BC942}") = "w04_041_sum", "w04_041_sum\w04_041_sum.vcxproj", "{65505E10-3CFA-4216-A687-B153FDEBAA42}"
EndProject
Project("{8BC9CEB8-8B4A-11D0-8D11-00A0C91BC942}") = "w04_042_ex16_fahrenheit", "w04_042_ex16\w04_042_ex16.vcxproj", "{C790839D-44E4-418A-9AC0-9761EEE3FB63}"
EndProject
Project("{8BC9CEB8-8B4A-11D0-8D11-00A0C91BC942}") = "w04_043_ex17_ascii", "w04_043_ascii\w04_043_ascii.vcxproj", "{3DC94A42-1118-420E-AEF2-584169D2D54B}"
EndProject
Project("{8BC9CEB8-8B4A-11D0-8D11-00A0C91BC942}") = "w04_044_ex18_sum", "w04_044_sum\w04_044_sum.vcxproj", "{7E3820D8-6DA9-4889-A6D9-E884E810E41B}"
EndProject
Project("{8BC9CEB8-8B4A-11D0-8D11-00A0C91BC942}") = "w04_045_ex19_evenOdd", "w04_045_ex19_evenOdd\w04_045_ex19_evenOdd.vcxproj", "{D19C9609-6B88-41BF-9152-6A9328B69815}"
EndProject
Project("{8BC9CEB8-8B4A-11D0-8D11-00A0C91BC942}") = "w04_046_ex20_multipleof3", "w04_046_ex20_multipleof3\w04_046_ex20_multipleof3.vcxproj", "{85F34BD2-90B1-472C-80C2-8F3A5085FEA7}"
EndProject
Project("{8BC9CEB8-8B4A-11D0-8D11-00A0C91BC942}") = "w04_047_ex21_gugudan", "w04_047_ex21_gugudan\w04_047_ex21_gugudan.vcxproj", "{1542CA42-60CB-4613-AD15-DFB7449CD263}"
EndProject
Project("{8BC9CEB8-8B4A-11D0-8D11-00A0C91BC942}") = "w04_048_ex25_sum", "w04_048_ex25_sum\w04_048_ex25_sum.vcxproj", "{ECC755B1-62FA-4DCA-A93E-5DA76F216CC2}"
EndProject
Project("{8BC9CEB8-8B4A-11D0-8D11-00A0C91BC942}") = "w04_049_for", "w04_049_for\w04_049_for.vcxproj", "{FA75A002-0ADD-4C80-9A70-CA9027020CE1}"
EndProject
Project("{8BC9CEB8-8B4A-11D0-8D11-00A0C91BC942}") = "w04_050_for2", "w04_050_for2\w04_050_for2.vcxproj", "{7FB7F03F-C4DB-4992-B4CB-2EA8E7C012BC}"
EndProject
Project("{8BC9CEB8-8B4A-11D0-8D11-00A0C91BC942}") = "w04_051_power", "w04_051_power\w04_051_power.vcxproj", "{7F029E6A-EDEA-43AC-BF40-EFF252A87571}"
EndProject
Project("{8BC9CEB8-8B4A-11D0-8D11-00A0C91BC942}") = "w04_052_power", "w04_052_power\w04_052_power.vcxproj", "{47F37E1F-30D6-47C5-9578-AA9E1AD08F54}"
EndProject
Project("{8BC9CEB8-8B4A-11D0-8D11-00A0C91BC942}") = "w05_053_continue", "w05_053_continue\w05_053_continue.vcxproj", "{AF4C541F-D437-4BF1-AFD0-2BB3C5BE7252}"
EndProject
Project("{8BC9CEB8-8B4A-11D0-8D11-00A0C91BC942}") = "w05_054_doubleLoop", "w05_054_doubleLoop\w05_054_doubleLoop.vcxproj", "{6EA56A65-ACE3-434D-B0E3-95F27F419E9B}"
EndProject
Project("{8BC9CEB8-8B4A-11D0-8D11-00A0C91BC942}") = "w05_055_doubleLoop", "w05_055_doubleLoop\w05_055_doubleLoop.vcxproj", "{BFF4D3C2-69F4-49F9-B166-4F26580ED625}"
EndProject
Project("{8BC9CEB8-8B4A-11D0-8D11-00A0C91BC942}") = "w05_056_gugudan", "w05_056_gugudan\w05_056_gugudan.vcxproj", "{3DE1C4D7-FCB5-4480-820F-D99C09AB0439}"
EndProject
Project("{8BC9CEB8-8B4A-11D0-8D11-00A0C91BC942}") = "w05_057_ex23", "w05_057_ex23\w05_057_ex23.vcxproj", "{35FDAE7C-A96B-4229-8233-E0590223DD23}"
EndProject
Project("{8BC9CEB8-8B4A-11D0-8D11-00A0C91BC942}") = "w05_058_ex22_gugudan2", "w05_058_ex22_gugudan2\w05_058_ex22_gugudan2.vcxproj", "{F0DFF067-8BFA-4F9F-8D21-712D8CC4EE05}"
EndProject
Project("{8BC9CEB8-8B4A-11D0-8D11-00A0C91BC942}") = "w05_059_factor", "w06_059_factor\w06_059_factor.vcxproj", "{D267569E-0A87-4C85-97B3-BEE100A93810}"
EndProject
Project("{8BC9CEB8-8B4A-11D0-8D11-00A0C91BC942}") = "w05_060_sumToN", "w05_060_sumToN\w05_060_sumToN.vcxproj", "{8343E7A6-3884-4C9F-A4C3-803777B16B6C}"
EndProject
Project("{8BC9CEB8-8B4A-11D0-8D11-00A0C91BC942}") = "w05_061_numberPyramid", "w05_061_numberPyramid\w05_061_numberPyramid.vcxproj", "{826D913C-0913-40EB-AF6A-0575FF900BA1}"
EndProject
Project("{8BC9CEB8-8B4A-11D0-8D11-00A0C91BC942}") = "w05_062_factorial", "w05_062_factorial\w05_062_factorial.vcxproj", "{D48B9A0D-EF75-40BF-B6E3-E04AE55BCA0F}"
EndProject
Project("{8BC9CEB8-8B4A-11D0-8D11-00A0C91BC942}") = "w05_063_pyramids", "w05_063_pyramids\w05_063_pyramids.vcxproj", "{8BAD3D68-237E-4643-928D-D52EFA25A2CA}"
EndProject
Global
	GlobalSection(SolutionConfigurationPlatforms) = preSolution
		Debug|x64 = Debug|x64
		Debug|x86 = Debug|x86
		Release|x64 = Release|x64
		Release|x86 = Release|x86
	EndGlobalSection
	GlobalSection(ProjectConfigurationPlatforms) = postSolution
		{58DA97A6-C11F-4D73-81EC-5060FD7E2D91}.Debug|x64.ActiveCfg = Debug|x64
		{58DA97A6-C11F-4D73-81EC-5060FD7E2D91}.Debug|x64.Build.0 = Debug|x64
		{58DA97A6-C11F-4D73-81EC-5060FD7E2D91}.Debug|x86.ActiveCfg = Debug|Win32
		{58DA97A6-C11F-4D73-81EC-5060FD7E2D91}.Debug|x86.Build.0 = Debug|Win32
		{58DA97A6-C11F-4D73-81EC-5060FD7E2D91}.Release|x64.ActiveCfg = Release|x64
		{58DA97A6-C11F-4D73-81EC-5060FD7E2D91}.Release|x64.Build.0 = Release|x64
		{58DA97A6-C11F-4D73-81EC-5060FD7E2D91}.Release|x86.ActiveCfg = Release|Win32
		{58DA97A6-C11F-4D73-81EC-5060FD7E2D91}.Release|x86.Build.0 = Release|Win32
		{C678CB0E-9FE6-458F-BD1B-865C6D67ED52}.Debug|x64.ActiveCfg = Debug|x64
		{C678CB0E-9FE6-458F-BD1B-865C6D67ED52}.Debug|x64.Build.0 = Debug|x64
		{C678CB0E-9FE6-458F-BD1B-865C6D67ED52}.Debug|x86.ActiveCfg = Debug|Win32
		{C678CB0E-9FE6-458F-BD1B-865C6D67ED52}.Debug|x86.Build.0 = Debug|Win32
		{C678CB0E-9FE6-458F-BD1B-865C6D67ED52}.Release|x64.ActiveCfg = Release|x64
		{C678CB0E-9FE6-458F-BD1B-865C6D67ED52}.Release|x64.Build.0 = Release|x64
		{C678CB0E-9FE6-458F-BD1B-865C6D67ED52}.Release|x86.ActiveCfg = Release|Win32
		{C678CB0E-9FE6-458F-BD1B-865C6D67ED52}.Release|x86.Build.0 = Release|Win32
		{109187C1-A5F2-477B-B984-4315CA659D1E}.Debug|x64.ActiveCfg = Debug|x64
		{109187C1-A5F2-477B-B984-4315CA659D1E}.Debug|x64.Build.0 = Debug|x64
		{109187C1-A5F2-477B-B984-4315CA659D1E}.Debug|x86.ActiveCfg = Debug|Win32
		{109187C1-A5F2-477B-B984-4315CA659D1E}.Debug|x86.Build.0 = Debug|Win32
		{109187C1-A5F2-477B-B984-4315CA659D1E}.Release|x64.ActiveCfg = Release|x64
		{109187C1-A5F2-477B-B984-4315CA659D1E}.Release|x64.Build.0 = Release|x64
		{109187C1-A5F2-477B-B984-4315CA659D1E}.Release|x86.ActiveCfg = Release|Win32
		{109187C1-A5F2-477B-B984-4315CA659D1E}.Release|x86.Build.0 = Release|Win32
		{20ECC9ED-179A-4540-B35C-5FF1AA6DE313}.Debug|x64.ActiveCfg = Debug|x64
		{20ECC9ED-179A-4540-B35C-5FF1AA6DE313}.Debug|x64.Build.0 = Debug|x64
		{20ECC9ED-179A-4540-B35C-5FF1AA6DE313}.Debug|x86.ActiveCfg = Debug|Win32
		{20ECC9ED-179A-4540-B35C-5FF1AA6DE313}.Debug|x86.Build.0 = Debug|Win32
		{20ECC9ED-179A-4540-B35C-5FF1AA6DE313}.Release|x64.ActiveCfg = Release|x64
		{20ECC9ED-179A-4540-B35C-5FF1AA6DE313}.Release|x64.Build.0 = Release|x64
		{20ECC9ED-179A-4540-B35C-5FF1AA6DE313}.Release|x86.ActiveCfg = Release|Win32
		{20ECC9ED-179A-4540-B35C-5FF1AA6DE313}.Release|x86.Build.0 = Release|Win32
		{B1B6FBCD-8C0B-4A6B-B650-A6B5EB7A7E66}.Debug|x64.ActiveCfg = Debug|x64
		{B1B6FBCD-8C0B-4A6B-B650-A6B5EB7A7E66}.Debug|x64.Build.0 = Debug|x64
		{B1B6FBCD-8C0B-4A6B-B650-A6B5EB7A7E66}.Debug|x86.ActiveCfg = Debug|Win32
		{B1B6FBCD-8C0B-4A6B-B650-A6B5EB7A7E66}.Debug|x86.Build.0 = Debug|Win32
		{B1B6FBCD-8C0B-4A6B-B650-A6B5EB7A7E66}.Release|x64.ActiveCfg = Release|x64
		{B1B6FBCD-8C0B-4A6B-B650-A6B5EB7A7E66}.Release|x64.Build.0 = Release|x64
		{B1B6FBCD-8C0B-4A6B-B650-A6B5EB7A7E66}.Release|x86.ActiveCfg = Release|Win32
		{B1B6FBCD-8C0B-4A6B-B650-A6B5EB7A7E66}.Release|x86.Build.0 = Release|Win32
		{5FE8C491-9E2D-4585-A0B5-770ABC88BB73}.Debug|x64.ActiveCfg = Debug|x64
		{5FE8C491-9E2D-4585-A0B5-770ABC88BB73}.Debug|x64.Build.0 = Debug|x64
		{5FE8C491-9E2D-4585-A0B5-770ABC88BB73}.Debug|x86.ActiveCfg = Debug|Win32
		{5FE8C491-9E2D-4585-A0B5-770ABC88BB73}.Debug|x86.Build.0 = Debug|Win32
		{5FE8C491-9E2D-4585-A0B5-770ABC88BB73}.Release|x64.ActiveCfg = Release|x64
		{5FE8C491-9E2D-4585-A0B5-770ABC88BB73}.Release|x64.Build.0 = Release|x64
		{5FE8C491-9E2D-4585-A0B5-770ABC88BB73}.Release|x86.ActiveCfg = Release|Win32
		{5FE8C491-9E2D-4585-A0B5-770ABC88BB73}.Release|x86.Build.0 = Release|Win32
		{E2527E78-8D3A-4D4C-9CCF-B446BF657046}.Debug|x64.ActiveCfg = Debug|x64
		{E2527E78-8D3A-4D4C-9CCF-B446BF657046}.Debug|x64.Build.0 = Debug|x64
		{E2527E78-8D3A-4D4C-9CCF-B446BF657046}.Debug|x86.ActiveCfg = Debug|Win32
		{E2527E78-8D3A-4D4C-9CCF-B446BF657046}.Debug|x86.Build.0 = Debug|Win32
		{E2527E78-8D3A-4D4C-9CCF-B446BF657046}.Release|x64.ActiveCfg = Release|x64
		{E2527E78-8D3A-4D4C-9CCF-B446BF657046}.Release|x64.Build.0 = Release|x64
		{E2527E78-8D3A-4D4C-9CCF-B446BF657046}.Release|x86.ActiveCfg = Release|Win32
		{E2527E78-8D3A-4D4C-9CCF-B446BF657046}.Release|x86.Build.0 = Release|Win32
		{941B2988-91B6-4705-B223-5DE2C4A597AF}.Debug|x64.ActiveCfg = Debug|x64
		{941B2988-91B6-4705-B223-5DE2C4A597AF}.Debug|x64.Build.0 = Debug|x64
		{941B2988-91B6-4705-B223-5DE2C4A597AF}.Debug|x86.ActiveCfg = Debug|Win32
		{941B2988-91B6-4705-B223-5DE2C4A597AF}.Debug|x86.Build.0 = Debug|Win32
		{941B2988-91B6-4705-B223-5DE2C4A597AF}.Release|x64.ActiveCfg = Release|x64
		{941B2988-91B6-4705-B223-5DE2C4A597AF}.Release|x64.Build.0 = Release|x64
		{941B2988-91B6-4705-B223-5DE2C4A597AF}.Release|x86.ActiveCfg = Release|Win32
		{941B2988-91B6-4705-B223-5DE2C4A597AF}.Release|x86.Build.0 = Release|Win32
		{B3B982CD-D664-4F05-9AF6-550CDA47A666}.Debug|x64.ActiveCfg = Debug|x64
		{B3B982CD-D664-4F05-9AF6-550CDA47A666}.Debug|x64.Build.0 = Debug|x64
		{B3B982CD-D664-4F05-9AF6-550CDA47A666}.Debug|x86.ActiveCfg = Debug|Win32
		{B3B982CD-D664-4F05-9AF6-550CDA47A666}.Debug|x86.Build.0 = Debug|Win32
		{B3B982CD-D664-4F05-9AF6-550CDA47A666}.Release|x64.ActiveCfg = Release|x64
		{B3B982CD-D664-4F05-9AF6-550CDA47A666}.Release|x64.Build.0 = Release|x64
		{B3B982CD-D664-4F05-9AF6-550CDA47A666}.Release|x86.ActiveCfg = Release|Win32
		{B3B982CD-D664-4F05-9AF6-550CDA47A666}.Release|x86.Build.0 = Release|Win32
		{A6216E1E-D8ED-4AB3-A634-E9EDEF107072}.Debug|x64.ActiveCfg = Debug|x64
		{A6216E1E-D8ED-4AB3-A634-E9EDEF107072}.Debug|x64.Build.0 = Debug|x64
		{A6216E1E-D8ED-4AB3-A634-E9EDEF107072}.Debug|x86.ActiveCfg = Debug|Win32
		{A6216E1E-D8ED-4AB3-A634-E9EDEF107072}.Debug|x86.Build.0 = Debug|Win32
		{A6216E1E-D8ED-4AB3-A634-E9EDEF107072}.Release|x64.ActiveCfg = Release|x64
		{A6216E1E-D8ED-4AB3-A634-E9EDEF107072}.Release|x64.Build.0 = Release|x64
		{A6216E1E-D8ED-4AB3-A634-E9EDEF107072}.Release|x86.ActiveCfg = Release|Win32
		{A6216E1E-D8ED-4AB3-A634-E9EDEF107072}.Release|x86.Build.0 = Release|Win32
		{0650FB7C-D764-404F-BC39-78457C10CB09}.Debug|x64.ActiveCfg = Debug|x64
		{0650FB7C-D764-404F-BC39-78457C10CB09}.Debug|x64.Build.0 = Debug|x64
		{0650FB7C-D764-404F-BC39-78457C10CB09}.Debug|x86.ActiveCfg = Debug|Win32
		{0650FB7C-D764-404F-BC39-78457C10CB09}.Debug|x86.Build.0 = Debug|Win32
		{0650FB7C-D764-404F-BC39-78457C10CB09}.Release|x64.ActiveCfg = Release|x64
		{0650FB7C-D764-404F-BC39-78457C10CB09}.Release|x64.Build.0 = Release|x64
		{0650FB7C-D764-404F-BC39-78457C10CB09}.Release|x86.ActiveCfg = Release|Win32
		{0650FB7C-D764-404F-BC39-78457C10CB09}.Release|x86.Build.0 = Release|Win32
		{21F22CCA-05E2-44FD-9176-741BF9E8B3EC}.Debug|x64.ActiveCfg = Debug|x64
		{21F22CCA-05E2-44FD-9176-741BF9E8B3EC}.Debug|x64.Build.0 = Debug|x64
		{21F22CCA-05E2-44FD-9176-741BF9E8B3EC}.Debug|x86.ActiveCfg = Debug|Win32
		{21F22CCA-05E2-44FD-9176-741BF9E8B3EC}.Debug|x86.Build.0 = Debug|Win32
		{21F22CCA-05E2-44FD-9176-741BF9E8B3EC}.Release|x64.ActiveCfg = Release|x64
		{21F22CCA-05E2-44FD-9176-741BF9E8B3EC}.Release|x64.Build.0 = Release|x64
		{21F22CCA-05E2-44FD-9176-741BF9E8B3EC}.Release|x86.ActiveCfg = Release|Win32
		{21F22CCA-05E2-44FD-9176-741BF9E8B3EC}.Release|x86.Build.0 = Release|Win32
		{555A92B3-17C3-43D8-AA06-5593A31782BF}.Debug|x64.ActiveCfg = Debug|x64
		{555A92B3-17C3-43D8-AA06-5593A31782BF}.Debug|x64.Build.0 = Debug|x64
		{555A92B3-17C3-43D8-AA06-5593A31782BF}.Debug|x86.ActiveCfg = Debug|Win32
		{555A92B3-17C3-43D8-AA06-5593A31782BF}.Debug|x86.Build.0 = Debug|Win32
		{555A92B3-17C3-43D8-AA06-5593A31782BF}.Release|x64.ActiveCfg = Release|x64
		{555A92B3-17C3-43D8-AA06-5593A31782BF}.Release|x64.Build.0 = Release|x64
		{555A92B3-17C3-43D8-AA06-5593A31782BF}.Release|x86.ActiveCfg = Release|Win32
		{555A92B3-17C3-43D8-AA06-5593A31782BF}.Release|x86.Build.0 = Release|Win32
		{1A9934F5-ABDE-4C6C-B753-DF48E7ADA1CB}.Debug|x64.ActiveCfg = Debug|x64
		{1A9934F5-ABDE-4C6C-B753-DF48E7ADA1CB}.Debug|x64.Build.0 = Debug|x64
		{1A9934F5-ABDE-4C6C-B753-DF48E7ADA1CB}.Debug|x86.ActiveCfg = Debug|Win32
		{1A9934F5-ABDE-4C6C-B753-DF48E7ADA1CB}.Debug|x86.Build.0 = Debug|Win32
		{1A9934F5-ABDE-4C6C-B753-DF48E7ADA1CB}.Release|x64.ActiveCfg = Release|x64
		{1A9934F5-ABDE-4C6C-B753-DF48E7ADA1CB}.Release|x64.Build.0 = Release|x64
		{1A9934F5-ABDE-4C6C-B753-DF48E7ADA1CB}.Release|x86.ActiveCfg = Release|Win32
		{1A9934F5-ABDE-4C6C-B753-DF48E7ADA1CB}.Release|x86.Build.0 = Release|Win32
		{9657F31C-E2C7-4D6E-A8D8-B81A065E0285}.Debug|x64.ActiveCfg = Debug|x64
		{9657F31C-E2C7-4D6E-A8D8-B81A065E0285}.Debug|x64.Build.0 = Debug|x64
		{9657F31C-E2C7-4D6E-A8D8-B81A065E0285}.Debug|x86.ActiveCfg = Debug|Win32
		{9657F31C-E2C7-4D6E-A8D8-B81A065E0285}.Debug|x86.Build.0 = Debug|Win32
		{9657F31C-E2C7-4D6E-A8D8-B81A065E0285}.Release|x64.ActiveCfg = Release|x64
		{9657F31C-E2C7-4D6E-A8D8-B81A065E0285}.Release|x64.Build.0 = Release|x64
		{9657F31C-E2C7-4D6E-A8D8-B81A065E0285}.Release|x86.ActiveCfg = Release|Win32
		{9657F31C-E2C7-4D6E-A8D8-B81A065E0285}.Release|x86.Build.0 = Release|Win32
		{422BE03A-78D2-4F4C-B76C-D81351FFDBBE}.Debug|x64.ActiveCfg = Debug|x64
		{422BE03A-78D2-4F4C-B76C-D81351FFDBBE}.Debug|x64.Build.0 = Debug|x64
		{422BE03A-78D2-4F4C-B76C-D81351FFDBBE}.Debug|x86.ActiveCfg = Debug|Win32
		{422BE03A-78D2-4F4C-B76C-D81351FFDBBE}.Debug|x86.Build.0 = Debug|Win32
		{422BE03A-78D2-4F4C-B76C-D81351FFDBBE}.Release|x64.ActiveCfg = Release|x64
		{422BE03A-78D2-4F4C-B76C-D81351FFDBBE}.Release|x64.Build.0 = Release|x64
		{422BE03A-78D2-4F4C-B76C-D81351FFDBBE}.Release|x86.ActiveCfg = Release|Win32
		{422BE03A-78D2-4F4C-B76C-D81351FFDBBE}.Release|x86.Build.0 = Release|Win32
		{4BF924CF-E41E-4629-8CEE-C48718F57A12}.Debug|x64.ActiveCfg = Debug|x64
		{4BF924CF-E41E-4629-8CEE-C48718F57A12}.Debug|x64.Build.0 = Debug|x64
		{4BF924CF-E41E-4629-8CEE-C48718F57A12}.Debug|x86.ActiveCfg = Debug|Win32
		{4BF924CF-E41E-4629-8CEE-C48718F57A12}.Debug|x86.Build.0 = Debug|Win32
		{4BF924CF-E41E-4629-8CEE-C48718F57A12}.Release|x64.ActiveCfg = Release|x64
		{4BF924CF-E41E-4629-8CEE-C48718F57A12}.Release|x64.Build.0 = Release|x64
		{4BF924CF-E41E-4629-8CEE-C48718F57A12}.Release|x86.ActiveCfg = Release|Win32
		{4BF924CF-E41E-4629-8CEE-C48718F57A12}.Release|x86.Build.0 = Release|Win32
		{FF071C67-7E04-4DCF-B321-203585AA8F28}.Debug|x64.ActiveCfg = Debug|x64
		{FF071C67-7E04-4DCF-B321-203585AA8F28}.Debug|x64.Build.0 = Debug|x64
		{FF071C67-7E04-4DCF-B321-203585AA8F28}.Debug|x86.ActiveCfg = Debug|Win32
		{FF071C67-7E04-4DCF-B321-203585AA8F28}.Debug|x86.Build.0 = Debug|Win32
		{FF071C67-7E04-4DCF-B321-203585AA8F28}.Release|x64.ActiveCfg = Release|x64
		{FF071C67-7E04-4DCF-B321-203585AA8F28}.Release|x64.Build.0 = Release|x64
		{FF071C67-7E04-4DCF-B321-203585AA8F28}.Release|x86.ActiveCfg = Release|Win32
		{FF071C67-7E04-4DCF-B321-203585AA8F28}.Release|x86.Build.0 = Release|Win32
		{14EA6E8E-567C-4A22-B46C-8FDBBC258BD2}.Debug|x64.ActiveCfg = Debug|x64
		{14EA6E8E-567C-4A22-B46C-8FDBBC258BD2}.Debug|x64.Build.0 = Debug|x64
		{14EA6E8E-567C-4A22-B46C-8FDBBC258BD2}.Debug|x86.ActiveCfg = Debug|Win32
		{14EA6E8E-567C-4A22-B46C-8FDBBC258BD2}.Debug|x86.Build.0 = Debug|Win32
		{14EA6E8E-567C-4A22-B46C-8FDBBC258BD2}.Release|x64.ActiveCfg = Release|x64
		{14EA6E8E-567C-4A22-B46C-8FDBBC258BD2}.Release|x64.Build.0 = Release|x64
		{14EA6E8E-567C-4A22-B46C-8FDBBC258BD2}.Release|x86.ActiveCfg = Release|Win32
		{14EA6E8E-567C-4A22-B46C-8FDBBC258BD2}.Release|x86.Build.0 = Release|Win32
		{7D0F3CE8-E99E-4DCF-A5B2-0B6C99773344}.Debug|x64.ActiveCfg = Debug|x64
		{7D0F3CE8-E99E-4DCF-A5B2-0B6C99773344}.Debug|x64.Build.0 = Debug|x64
		{7D0F3CE8-E99E-4DCF-A5B2-0B6C99773344}.Debug|x86.ActiveCfg = Debug|Win32
		{7D0F3CE8-E99E-4DCF-A5B2-0B6C99773344}.Debug|x86.Build.0 = Debug|Win32
		{7D0F3CE8-E99E-4DCF-A5B2-0B6C99773344}.Release|x64.ActiveCfg = Release|x64
		{7D0F3CE8-E99E-4DCF-A5B2-0B6C99773344}.Release|x64.Build.0 = Release|x64
		{7D0F3CE8-E99E-4DCF-A5B2-0B6C99773344}.Release|x86.ActiveCfg = Release|Win32
		{7D0F3CE8-E99E-4DCF-A5B2-0B6C99773344}.Release|x86.Build.0 = Release|Win32
		{3F3BE5DB-221A-4C4F-99AD-50755DC95DAC}.Debug|x64.ActiveCfg = Debug|x64
		{3F3BE5DB-221A-4C4F-99AD-50755DC95DAC}.Debug|x64.Build.0 = Debug|x64
		{3F3BE5DB-221A-4C4F-99AD-50755DC95DAC}.Debug|x86.ActiveCfg = Debug|Win32
		{3F3BE5DB-221A-4C4F-99AD-50755DC95DAC}.Debug|x86.Build.0 = Debug|Win32
		{3F3BE5DB-221A-4C4F-99AD-50755DC95DAC}.Release|x64.ActiveCfg = Release|x64
		{3F3BE5DB-221A-4C4F-99AD-50755DC95DAC}.Release|x64.Build.0 = Release|x64
		{3F3BE5DB-221A-4C4F-99AD-50755DC95DAC}.Release|x86.ActiveCfg = Release|Win32
		{3F3BE5DB-221A-4C4F-99AD-50755DC95DAC}.Release|x86.Build.0 = Release|Win32
		{BE3EA124-3622-4F1A-B566-E7573B2DFD2D}.Debug|x64.ActiveCfg = Debug|x64
		{BE3EA124-3622-4F1A-B566-E7573B2DFD2D}.Debug|x64.Build.0 = Debug|x64
		{BE3EA124-3622-4F1A-B566-E7573B2DFD2D}.Debug|x86.ActiveCfg = Debug|Win32
		{BE3EA124-3622-4F1A-B566-E7573B2DFD2D}.Debug|x86.Build.0 = Debug|Win32
		{BE3EA124-3622-4F1A-B566-E7573B2DFD2D}.Release|x64.ActiveCfg = Release|x64
		{BE3EA124-3622-4F1A-B566-E7573B2DFD2D}.Release|x64.Build.0 = Release|x64
		{BE3EA124-3622-4F1A-B566-E7573B2DFD2D}.Release|x86.ActiveCfg = Release|Win32
		{BE3EA124-3622-4F1A-B566-E7573B2DFD2D}.Release|x86.Build.0 = Release|Win32
		{24D965EA-833A-4D31-B06F-8E4790658F3D}.Debug|x64.ActiveCfg = Debug|x64
		{24D965EA-833A-4D31-B06F-8E4790658F3D}.Debug|x64.Build.0 = Debug|x64
		{24D965EA-833A-4D31-B06F-8E4790658F3D}.Debug|x86.ActiveCfg = Debug|Win32
		{24D965EA-833A-4D31-B06F-8E4790658F3D}.Debug|x86.Build.0 = Debug|Win32
		{24D965EA-833A-4D31-B06F-8E4790658F3D}.Release|x64.ActiveCfg = Release|x64
		{24D965EA-833A-4D31-B06F-8E4790658F3D}.Release|x64.Build.0 = Release|x64
		{24D965EA-833A-4D31-B06F-8E4790658F3D}.Release|x86.ActiveCfg = Release|Win32
		{24D965EA-833A-4D31-B06F-8E4790658F3D}.Release|x86.Build.0 = Release|Win32
		{F6D072FD-3F84-4322-96FA-111E11BEAAA8}.Debug|x64.ActiveCfg = Debug|x64
		{F6D072FD-3F84-4322-96FA-111E11BEAAA8}.Debug|x64.Build.0 = Debug|x64
		{F6D072FD-3F84-4322-96FA-111E11BEAAA8}.Debug|x86.ActiveCfg = Debug|Win32
		{F6D072FD-3F84-4322-96FA-111E11BEAAA8}.Debug|x86.Build.0 = Debug|Win32
		{F6D072FD-3F84-4322-96FA-111E11BEAAA8}.Release|x64.ActiveCfg = Release|x64
		{F6D072FD-3F84-4322-96FA-111E11BEAAA8}.Release|x64.Build.0 = Release|x64
		{F6D072FD-3F84-4322-96FA-111E11BEAAA8}.Release|x86.ActiveCfg = Release|Win32
		{F6D072FD-3F84-4322-96FA-111E11BEAAA8}.Release|x86.Build.0 = Release|Win32
		{543DE927-6079-45AE-A3E4-C41208021A0E}.Debug|x64.ActiveCfg = Debug|x64
		{543DE927-6079-45AE-A3E4-C41208021A0E}.Debug|x64.Build.0 = Debug|x64
		{543DE927-6079-45AE-A3E4-C41208021A0E}.Debug|x86.ActiveCfg = Debug|Win32
		{543DE927-6079-45AE-A3E4-C41208021A0E}.Debug|x86.Build.0 = Debug|Win32
		{543DE927-6079-45AE-A3E4-C41208021A0E}.Release|x64.ActiveCfg = Release|x64
		{543DE927-6079-45AE-A3E4-C41208021A0E}.Release|x64.Build.0 = Release|x64
		{543DE927-6079-45AE-A3E4-C41208021A0E}.Release|x86.ActiveCfg = Release|Win32
		{543DE927-6079-45AE-A3E4-C41208021A0E}.Release|x86.Build.0 = Release|Win32
		{054D65A7-CF4F-4333-BD64-82D1C8FDA402}.Debug|x64.ActiveCfg = Debug|x64
		{054D65A7-CF4F-4333-BD64-82D1C8FDA402}.Debug|x64.Build.0 = Debug|x64
		{054D65A7-CF4F-4333-BD64-82D1C8FDA402}.Debug|x86.ActiveCfg = Debug|Win32
		{054D65A7-CF4F-4333-BD64-82D1C8FDA402}.Debug|x86.Build.0 = Debug|Win32
		{054D65A7-CF4F-4333-BD64-82D1C8FDA402}.Release|x64.ActiveCfg = Release|x64
		{054D65A7-CF4F-4333-BD64-82D1C8FDA402}.Release|x64.Build.0 = Release|x64
		{054D65A7-CF4F-4333-BD64-82D1C8FDA402}.Release|x86.ActiveCfg = Release|Win32
		{054D65A7-CF4F-4333-BD64-82D1C8FDA402}.Release|x86.Build.0 = Release|Win32
		{AD3D6F04-2EB4-49E4-B61E-85C3A61EC856}.Debug|x64.ActiveCfg = Debug|x64
		{AD3D6F04-2EB4-49E4-B61E-85C3A61EC856}.Debug|x64.Build.0 = Debug|x64
		{AD3D6F04-2EB4-49E4-B61E-85C3A61EC856}.Debug|x86.ActiveCfg = Debug|Win32
		{AD3D6F04-2EB4-49E4-B61E-85C3A61EC856}.Debug|x86.Build.0 = Debug|Win32
		{AD3D6F04-2EB4-49E4-B61E-85C3A61EC856}.Release|x64.ActiveCfg = Release|x64
		{AD3D6F04-2EB4-49E4-B61E-85C3A61EC856}.Release|x64.Build.0 = Release|x64
		{AD3D6F04-2EB4-49E4-B61E-85C3A61EC856}.Release|x86.ActiveCfg = Release|Win32
		{AD3D6F04-2EB4-49E4-B61E-85C3A61EC856}.Release|x86.Build.0 = Release|Win32
		{85100653-0D0F-4F9E-8E5F-7A805B468AEB}.Debug|x64.ActiveCfg = Debug|x64
		{85100653-0D0F-4F9E-8E5F-7A805B468AEB}.Debug|x64.Build.0 = Debug|x64
		{85100653-0D0F-4F9E-8E5F-7A805B468AEB}.Debug|x86.ActiveCfg = Debug|Win32
		{85100653-0D0F-4F9E-8E5F-7A805B468AEB}.Debug|x86.Build.0 = Debug|Win32
		{85100653-0D0F-4F9E-8E5F-7A805B468AEB}.Release|x64.ActiveCfg = Release|x64
		{85100653-0D0F-4F9E-8E5F-7A805B468AEB}.Release|x64.Build.0 = Release|x64
		{85100653-0D0F-4F9E-8E5F-7A805B468AEB}.Release|x86.ActiveCfg = Release|Win32
		{85100653-0D0F-4F9E-8E5F-7A805B468AEB}.Release|x86.Build.0 = Release|Win32
		{0A0EC8FA-0C92-491A-8690-85B5E366BC5C}.Debug|x64.ActiveCfg = Debug|x64
		{0A0EC8FA-0C92-491A-8690-85B5E366BC5C}.Debug|x64.Build.0 = Debug|x64
		{0A0EC8FA-0C92-491A-8690-85B5E366BC5C}.Debug|x86.ActiveCfg = Debug|Win32
		{0A0EC8FA-0C92-491A-8690-85B5E366BC5C}.Debug|x86.Build.0 = Debug|Win32
		{0A0EC8FA-0C92-491A-8690-85B5E366BC5C}.Release|x64.ActiveCfg = Release|x64
		{0A0EC8FA-0C92-491A-8690-85B5E366BC5C}.Release|x64.Build.0 = Release|x64
		{0A0EC8FA-0C92-491A-8690-85B5E366BC5C}.Release|x86.ActiveCfg = Release|Win32
		{0A0EC8FA-0C92-491A-8690-85B5E366BC5C}.Release|x86.Build.0 = Release|Win32
		{8052EED2-2012-4555-99CF-8987FDF38153}.Debug|x64.ActiveCfg = Debug|x64
		{8052EED2-2012-4555-99CF-8987FDF38153}.Debug|x64.Build.0 = Debug|x64
		{8052EED2-2012-4555-99CF-8987FDF38153}.Debug|x86.ActiveCfg = Debug|Win32
		{8052EED2-2012-4555-99CF-8987FDF38153}.Debug|x86.Build.0 = Debug|Win32
		{8052EED2-2012-4555-99CF-8987FDF38153}.Release|x64.ActiveCfg = Release|x64
		{8052EED2-2012-4555-99CF-8987FDF38153}.Release|x64.Build.0 = Release|x64
		{8052EED2-2012-4555-99CF-8987FDF38153}.Release|x86.ActiveCfg = Release|Win32
		{8052EED2-2012-4555-99CF-8987FDF38153}.Release|x86.Build.0 = Release|Win32
		{DDD96AA6-2C02-4E5A-B437-434D17CF5EBA}.Debug|x64.ActiveCfg = Debug|x64
		{DDD96AA6-2C02-4E5A-B437-434D17CF5EBA}.Debug|x64.Build.0 = Debug|x64
		{DDD96AA6-2C02-4E5A-B437-434D17CF5EBA}.Debug|x86.ActiveCfg = Debug|Win32
		{DDD96AA6-2C02-4E5A-B437-434D17CF5EBA}.Debug|x86.Build.0 = Debug|Win32
		{DDD96AA6-2C02-4E5A-B437-434D17CF5EBA}.Release|x64.ActiveCfg = Release|x64
		{DDD96AA6-2C02-4E5A-B437-434D17CF5EBA}.Release|x64.Build.0 = Release|x64
		{DDD96AA6-2C02-4E5A-B437-434D17CF5EBA}.Release|x86.ActiveCfg = Release|Win32
		{DDD96AA6-2C02-4E5A-B437-434D17CF5EBA}.Release|x86.Build.0 = Release|Win32
		{D872D7E4-2FB6-4BF4-8D0B-5893F13A2277}.Debug|x64.ActiveCfg = Debug|x64
		{D872D7E4-2FB6-4BF4-8D0B-5893F13A2277}.Debug|x64.Build.0 = Debug|x64
		{D872D7E4-2FB6-4BF4-8D0B-5893F13A2277}.Debug|x86.ActiveCfg = Debug|Win32
		{D872D7E4-2FB6-4BF4-8D0B-5893F13A2277}.Debug|x86.Build.0 = Debug|Win32
		{D872D7E4-2FB6-4BF4-8D0B-5893F13A2277}.Release|x64.ActiveCfg = Release|x64
		{D872D7E4-2FB6-4BF4-8D0B-5893F13A2277}.Release|x64.Build.0 = Release|x64
		{D872D7E4-2FB6-4BF4-8D0B-5893F13A2277}.Release|x86.ActiveCfg = Release|Win32
		{D872D7E4-2FB6-4BF4-8D0B-5893F13A2277}.Release|x86.Build.0 = Release|Win32
		{11EA4C28-DEA1-4667-916E-81B9F2EC4729}.Debug|x64.ActiveCfg = Debug|x64
		{11EA4C28-DEA1-4667-916E-81B9F2EC4729}.Debug|x64.Build.0 = Debug|x64
		{11EA4C28-DEA1-4667-916E-81B9F2EC4729}.Debug|x86.ActiveCfg = Debug|Win32
		{11EA4C28-DEA1-4667-916E-81B9F2EC4729}.Debug|x86.Build.0 = Debug|Win32
		{11EA4C28-DEA1-4667-916E-81B9F2EC4729}.Release|x64.ActiveCfg = Release|x64
		{11EA4C28-DEA1-4667-916E-81B9F2EC4729}.Release|x64.Build.0 = Release|x64
		{11EA4C28-DEA1-4667-916E-81B9F2EC4729}.Release|x86.ActiveCfg = Release|Win32
		{11EA4C28-DEA1-4667-916E-81B9F2EC4729}.Release|x86.Build.0 = Release|Win32
		{313111F4-2B70-4C72-9109-A550F29F2CEB}.Debug|x64.ActiveCfg = Debug|x64
		{313111F4-2B70-4C72-9109-A550F29F2CEB}.Debug|x64.Build.0 = Debug|x64
		{313111F4-2B70-4C72-9109-A550F29F2CEB}.Debug|x86.ActiveCfg = Debug|Win32
		{313111F4-2B70-4C72-9109-A550F29F2CEB}.Debug|x86.Build.0 = Debug|Win32
		{313111F4-2B70-4C72-9109-A550F29F2CEB}.Release|x64.ActiveCfg = Release|x64
		{313111F4-2B70-4C72-9109-A550F29F2CEB}.Release|x64.Build.0 = Release|x64
		{313111F4-2B70-4C72-9109-A550F29F2CEB}.Release|x86.ActiveCfg = Release|Win32
		{313111F4-2B70-4C72-9109-A550F29F2CEB}.Release|x86.Build.0 = Release|Win32
		{FA74D24D-A21F-4B6D-BB25-DF2F9A58ECC9}.Debug|x64.ActiveCfg = Debug|x64
		{FA74D24D-A21F-4B6D-BB25-DF2F9A58ECC9}.Debug|x64.Build.0 = Debug|x64
		{FA74D24D-A21F-4B6D-BB25-DF2F9A58ECC9}.Debug|x86.ActiveCfg = Debug|Win32
		{FA74D24D-A21F-4B6D-BB25-DF2F9A58ECC9}.Debug|x86.Build.0 = Debug|Win32
		{FA74D24D-A21F-4B6D-BB25-DF2F9A58ECC9}.Release|x64.ActiveCfg = Release|x64
		{FA74D24D-A21F-4B6D-BB25-DF2F9A58ECC9}.Release|x64.Build.0 = Release|x64
		{FA74D24D-A21F-4B6D-BB25-DF2F9A58ECC9}.Release|x86.ActiveCfg = Release|Win32
		{FA74D24D-A21F-4B6D-BB25-DF2F9A58ECC9}.Release|x86.Build.0 = Release|Win32
		{8FA23DBA-63B9-42B5-9677-891459AF7DA4}.Debug|x64.ActiveCfg = Debug|x64
		{8FA23DBA-63B9-42B5-9677-891459AF7DA4}.Debug|x64.Build.0 = Debug|x64
		{8FA23DBA-63B9-42B5-9677-891459AF7DA4}.Debug|x86.ActiveCfg = Debug|Win32
		{8FA23DBA-63B9-42B5-9677-891459AF7DA4}.Debug|x86.Build.0 = Debug|Win32
		{8FA23DBA-63B9-42B5-9677-891459AF7DA4}.Release|x64.ActiveCfg = Release|x64
		{8FA23DBA-63B9-42B5-9677-891459AF7DA4}.Release|x64.Build.0 = Release|x64
		{8FA23DBA-63B9-42B5-9677-891459AF7DA4}.Release|x86.ActiveCfg = Release|Win32
		{8FA23DBA-63B9-42B5-9677-891459AF7DA4}.Release|x86.Build.0 = Release|Win32
		{B8F7E9C1-1351-450A-9FDA-F667D1F2965C}.Debug|x64.ActiveCfg = Debug|x64
		{B8F7E9C1-1351-450A-9FDA-F667D1F2965C}.Debug|x64.Build.0 = Debug|x64
		{B8F7E9C1-1351-450A-9FDA-F667D1F2965C}.Debug|x86.ActiveCfg = Debug|Win32
		{B8F7E9C1-1351-450A-9FDA-F667D1F2965C}.Debug|x86.Build.0 = Debug|Win32
		{B8F7E9C1-1351-450A-9FDA-F667D1F2965C}.Release|x64.ActiveCfg = Release|x64
		{B8F7E9C1-1351-450A-9FDA-F667D1F2965C}.Release|x64.Build.0 = Release|x64
		{B8F7E9C1-1351-450A-9FDA-F667D1F2965C}.Release|x86.ActiveCfg = Release|Win32
		{B8F7E9C1-1351-450A-9FDA-F667D1F2965C}.Release|x86.Build.0 = Release|Win32
		{EB5A9010-099E-44AE-8066-7837CCE6A153}.Debug|x64.ActiveCfg = Debug|x64
		{EB5A9010-099E-44AE-8066-7837CCE6A153}.Debug|x64.Build.0 = Debug|x64
		{EB5A9010-099E-44AE-8066-7837CCE6A153}.Debug|x86.ActiveCfg = Debug|Win32
		{EB5A9010-099E-44AE-8066-7837CCE6A153}.Debug|x86.Build.0 = Debug|Win32
		{EB5A9010-099E-44AE-8066-7837CCE6A153}.Release|x64.ActiveCfg = Release|x64
		{EB5A9010-099E-44AE-8066-7837CCE6A153}.Release|x64.Build.0 = Release|x64
		{EB5A9010-099E-44AE-8066-7837CCE6A153}.Release|x86.ActiveCfg = Release|Win32
		{EB5A9010-099E-44AE-8066-7837CCE6A153}.Release|x86.Build.0 = Release|Win32
		{7FF97542-92F7-49DC-A66B-188EDBB4FD87}.Debug|x64.ActiveCfg = Debug|x64
		{7FF97542-92F7-49DC-A66B-188EDBB4FD87}.Debug|x64.Build.0 = Debug|x64
		{7FF97542-92F7-49DC-A66B-188EDBB4FD87}.Debug|x86.ActiveCfg = Debug|Win32
		{7FF97542-92F7-49DC-A66B-188EDBB4FD87}.Debug|x86.Build.0 = Debug|Win32
		{7FF97542-92F7-49DC-A66B-188EDBB4FD87}.Release|x64.ActiveCfg = Release|x64
		{7FF97542-92F7-49DC-A66B-188EDBB4FD87}.Release|x64.Build.0 = Release|x64
		{7FF97542-92F7-49DC-A66B-188EDBB4FD87}.Release|x86.ActiveCfg = Release|Win32
		{7FF97542-92F7-49DC-A66B-188EDBB4FD87}.Release|x86.Build.0 = Release|Win32
		{FE3DB6D9-5E8F-4230-9208-B820BC0C1E1F}.Debug|x64.ActiveCfg = Debug|x64
		{FE3DB6D9-5E8F-4230-9208-B820BC0C1E1F}.Debug|x64.Build.0 = Debug|x64
		{FE3DB6D9-5E8F-4230-9208-B820BC0C1E1F}.Debug|x86.ActiveCfg = Debug|Win32
		{FE3DB6D9-5E8F-4230-9208-B820BC0C1E1F}.Debug|x86.Build.0 = Debug|Win32
		{FE3DB6D9-5E8F-4230-9208-B820BC0C1E1F}.Release|x64.ActiveCfg = Release|x64
		{FE3DB6D9-5E8F-4230-9208-B820BC0C1E1F}.Release|x64.Build.0 = Release|x64
		{FE3DB6D9-5E8F-4230-9208-B820BC0C1E1F}.Release|x86.ActiveCfg = Release|Win32
		{FE3DB6D9-5E8F-4230-9208-B820BC0C1E1F}.Release|x86.Build.0 = Release|Win32
		{65505E10-3CFA-4216-A687-B153FDEBAA42}.Debug|x64.ActiveCfg = Debug|x64
		{65505E10-3CFA-4216-A687-B153FDEBAA42}.Debug|x64.Build.0 = Debug|x64
		{65505E10-3CFA-4216-A687-B153FDEBAA42}.Debug|x86.ActiveCfg = Debug|Win32
		{65505E10-3CFA-4216-A687-B153FDEBAA42}.Debug|x86.Build.0 = Debug|Win32
		{65505E10-3CFA-4216-A687-B153FDEBAA42}.Release|x64.ActiveCfg = Release|x64
		{65505E10-3CFA-4216-A687-B153FDEBAA42}.Release|x64.Build.0 = Release|x64
		{65505E10-3CFA-4216-A687-B153FDEBAA42}.Release|x86.ActiveCfg = Release|Win32
		{65505E10-3CFA-4216-A687-B153FDEBAA42}.Release|x86.Build.0 = Release|Win32
		{C790839D-44E4-418A-9AC0-9761EEE3FB63}.Debug|x64.ActiveCfg = Debug|x64
		{C790839D-44E4-418A-9AC0-9761EEE3FB63}.Debug|x64.Build.0 = Debug|x64
		{C790839D-44E4-418A-9AC0-9761EEE3FB63}.Debug|x86.ActiveCfg = Debug|Win32
		{C790839D-44E4-418A-9AC0-9761EEE3FB63}.Debug|x86.Build.0 = Debug|Win32
		{C790839D-44E4-418A-9AC0-9761EEE3FB63}.Release|x64.ActiveCfg = Release|x64
		{C790839D-44E4-418A-9AC0-9761EEE3FB63}.Release|x64.Build.0 = Release|x64
		{C790839D-44E4-418A-9AC0-9761EEE3FB63}.Release|x86.ActiveCfg = Release|Win32
		{C790839D-44E4-418A-9AC0-9761EEE3FB63}.Release|x86.Build.0 = Release|Win32
		{3DC94A42-1118-420E-AEF2-584169D2D54B}.Debug|x64.ActiveCfg = Debug|x64
		{3DC94A42-1118-420E-AEF2-584169D2D54B}.Debug|x64.Build.0 = Debug|x64
		{3DC94A42-1118-420E-AEF2-584169D2D54B}.Debug|x86.ActiveCfg = Debug|Win32
		{3DC94A42-1118-420E-AEF2-584169D2D54B}.Debug|x86.Build.0 = Debug|Win32
		{3DC94A42-1118-420E-AEF2-584169D2D54B}.Release|x64.ActiveCfg = Release|x64
		{3DC94A42-1118-420E-AEF2-584169D2D54B}.Release|x64.Build.0 = Release|x64
		{3DC94A42-1118-420E-AEF2-584169D2D54B}.Release|x86.ActiveCfg = Release|Win32
		{3DC94A42-1118-420E-AEF2-584169D2D54B}.Release|x86.Build.0 = Release|Win32
		{7E3820D8-6DA9-4889-A6D9-E884E810E41B}.Debug|x64.ActiveCfg = Debug|x64
		{7E3820D8-6DA9-4889-A6D9-E884E810E41B}.Debug|x64.Build.0 = Debug|x64
		{7E3820D8-6DA9-4889-A6D9-E884E810E41B}.Debug|x86.ActiveCfg = Debug|Win32
		{7E3820D8-6DA9-4889-A6D9-E884E810E41B}.Debug|x86.Build.0 = Debug|Win32
		{7E3820D8-6DA9-4889-A6D9-E884E810E41B}.Release|x64.ActiveCfg = Release|x64
		{7E3820D8-6DA9-4889-A6D9-E884E810E41B}.Release|x64.Build.0 = Release|x64
		{7E3820D8-6DA9-4889-A6D9-E884E810E41B}.Release|x86.ActiveCfg = Release|Win32
		{7E3820D8-6DA9-4889-A6D9-E884E810E41B}.Release|x86.Build.0 = Release|Win32
		{D19C9609-6B88-41BF-9152-6A9328B69815}.Debug|x64.ActiveCfg = Debug|x64
		{D19C9609-6B88-41BF-9152-6A9328B69815}.Debug|x64.Build.0 = Debug|x64
		{D19C9609-6B88-41BF-9152-6A9328B69815}.Debug|x86.ActiveCfg = Debug|Win32
		{D19C9609-6B88-41BF-9152-6A9328B69815}.Debug|x86.Build.0 = Debug|Win32
		{D19C9609-6B88-41BF-9152-6A9328B69815}.Release|x64.ActiveCfg = Release|x64
		{D19C9609-6B88-41BF-9152-6A9328B69815}.Release|x64.Build.0 = Release|x64
		{D19C9609-6B88-41BF-9152-6A9328B69815}.Release|x86.ActiveCfg = Release|Win32
		{D19C9609-6B88-41BF-9152-6A9328B69815}.Release|x86.Build.0 = Release|Win32
		{85F34BD2-90B1-472C-80C2-8F3A5085FEA7}.Debug|x64.ActiveCfg = Debug|x64
		{85F34BD2-90B1-472C-80C2-8F3A5085FEA7}.Debug|x64.Build.0 = Debug|x64
		{85F34BD2-90B1-472C-80C2-8F3A5085FEA7}.Debug|x86.ActiveCfg = Debug|Win32
		{85F34BD2-90B1-472C-80C2-8F3A5085FEA7}.Debug|x86.Build.0 = Debug|Win32
		{85F34BD2-90B1-472C-80C2-8F3A5085FEA7}.Release|x64.ActiveCfg = Release|x64
		{85F34BD2-90B1-472C-80C2-8F3A5085FEA7}.Release|x64.Build.0 = Release|x64
		{85F34BD2-90B1-472C-80C2-8F3A5085FEA7}.Release|x86.ActiveCfg = Release|Win32
		{85F34BD2-90B1-472C-80C2-8F3A5085FEA7}.Release|x86.Build.0 = Release|Win32
		{1542CA42-60CB-4613-AD15-DFB7449CD263}.Debug|x64.ActiveCfg = Debug|x64
		{1542CA42-60CB-4613-AD15-DFB7449CD263}.Debug|x64.Build.0 = Debug|x64
		{1542CA42-60CB-4613-AD15-DFB7449CD263}.Debug|x86.ActiveCfg = Debug|Win32
		{1542CA42-60CB-4613-AD15-DFB7449CD263}.Debug|x86.Build.0 = Debug|Win32
		{1542CA42-60CB-4613-AD15-DFB7449CD263}.Release|x64.ActiveCfg = Release|x64
		{1542CA42-60CB-4613-AD15-DFB7449CD263}.Release|x64.Build.0 = Release|x64
		{1542CA42-60CB-4613-AD15-DFB7449CD263}.Release|x86.ActiveCfg = Release|Win32
		{1542CA42-60CB-4613-AD15-DFB7449CD263}.Release|x86.Build.0 = Release|Win32
		{ECC755B1-62FA-4DCA-A93E-5DA76F216CC2}.Debug|x64.ActiveCfg = Debug|x64
		{ECC755B1-62FA-4DCA-A93E-5DA76F216CC2}.Debug|x64.Build.0 = Debug|x64
		{ECC755B1-62FA-4DCA-A93E-5DA76F216CC2}.Debug|x86.ActiveCfg = Debug|Win32
		{ECC755B1-62FA-4DCA-A93E-5DA76F216CC2}.Debug|x86.Build.0 = Debug|Win32
		{ECC755B1-62FA-4DCA-A93E-5DA76F216CC2}.Release|x64.ActiveCfg = Release|x64
		{ECC755B1-62FA-4DCA-A93E-5DA76F216CC2}.Release|x64.Build.0 = Release|x64
		{ECC755B1-62FA-4DCA-A93E-5DA76F216CC2}.Release|x86.ActiveCfg = Release|Win32
		{ECC755B1-62FA-4DCA-A93E-5DA76F216CC2}.Release|x86.Build.0 = Release|Win32
		{FA75A002-0ADD-4C80-9A70-CA9027020CE1}.Debug|x64.ActiveCfg = Debug|x64
		{FA75A002-0ADD-4C80-9A70-CA9027020CE1}.Debug|x64.Build.0 = Debug|x64
		{FA75A002-0ADD-4C80-9A70-CA9027020CE1}.Debug|x86.ActiveCfg = Debug|Win32
		{FA75A002-0ADD-4C80-9A70-CA9027020CE1}.Debug|x86.Build.0 = Debug|Win32
		{FA75A002-0ADD-4C80-9A70-CA9027020CE1}.Release|x64.ActiveCfg = Release|x64
		{FA75A002-0ADD-4C80-9A70-CA9027020CE1}.Release|x64.Build.0 = Release|x64
		{FA75A002-0ADD-4C80-9A70-CA9027020CE1}.Release|x86.ActiveCfg = Release|Win32
		{FA75A002-0ADD-4C80-9A70-CA9027020CE1}.Release|x86.Build.0 = Release|Win32
		{7FB7F03F-C4DB-4992-B4CB-2EA8E7C012BC}.Debug|x64.ActiveCfg = Debug|x64
		{7FB7F03F-C4DB-4992-B4CB-2EA8E7C012BC}.Debug|x64.Build.0 = Debug|x64
		{7FB7F03F-C4DB-4992-B4CB-2EA8E7C012BC}.Debug|x86.ActiveCfg = Debug|Win32
		{7FB7F03F-C4DB-4992-B4CB-2EA8E7C012BC}.Debug|x86.Build.0 = Debug|Win32
		{7FB7F03F-C4DB-4992-B4CB-2EA8E7C012BC}.Release|x64.ActiveCfg = Release|x64
		{7FB7F03F-C4DB-4992-B4CB-2EA8E7C012BC}.Release|x64.Build.0 = Release|x64
		{7FB7F03F-C4DB-4992-B4CB-2EA8E7C012BC}.Release|x86.ActiveCfg = Release|Win32
		{7FB7F03F-C4DB-4992-B4CB-2EA8E7C012BC}.Release|x86.Build.0 = Release|Win32
		{7F029E6A-EDEA-43AC-BF40-EFF252A87571}.Debug|x64.ActiveCfg = Debug|x64
		{7F029E6A-EDEA-43AC-BF40-EFF252A87571}.Debug|x64.Build.0 = Debug|x64
		{7F029E6A-EDEA-43AC-BF40-EFF252A87571}.Debug|x86.ActiveCfg = Debug|Win32
		{7F029E6A-EDEA-43AC-BF40-EFF252A87571}.Debug|x86.Build.0 = Debug|Win32
		{7F029E6A-EDEA-43AC-BF40-EFF252A87571}.Release|x64.ActiveCfg = Release|x64
		{7F029E6A-EDEA-43AC-BF40-EFF252A87571}.Release|x64.Build.0 = Release|x64
		{7F029E6A-EDEA-43AC-BF40-EFF252A87571}.Release|x86.ActiveCfg = Release|Win32
		{7F029E6A-EDEA-43AC-BF40-EFF252A87571}.Release|x86.Build.0 = Release|Win32
		{47F37E1F-30D6-47C5-9578-AA9E1AD08F54}.Debug|x64.ActiveCfg = Debug|x64
		{47F37E1F-30D6-47C5-9578-AA9E1AD08F54}.Debug|x64.Build.0 = Debug|x64
		{47F37E1F-30D6-47C5-9578-AA9E1AD08F54}.Debug|x86.ActiveCfg = Debug|Win32
		{47F37E1F-30D6-47C5-9578-AA9E1AD08F54}.Debug|x86.Build.0 = Debug|Win32
		{47F37E1F-30D6-47C5-9578-AA9E1AD08F54}.Release|x64.ActiveCfg = Release|x64
		{47F37E1F-30D6-47C5-9578-AA9E1AD08F54}.Release|x64.Build.0 = Release|x64
		{47F37E1F-30D6-47C5-9578-AA9E1AD08F54}.Release|x86.ActiveCfg = Release|Win32
		{47F37E1F-30D6-47C5-9578-AA9E1AD08F54}.Release|x86.Build.0 = Release|Win32
		{AF4C541F-D437-4BF1-AFD0-2BB3C5BE7252}.Debug|x64.ActiveCfg = Debug|x64
		{AF4C541F-D437-4BF1-AFD0-2BB3C5BE7252}.Debug|x64.Build.0 = Debug|x64
		{AF4C541F-D437-4BF1-AFD0-2BB3C5BE7252}.Debug|x86.ActiveCfg = Debug|Win32
		{AF4C541F-D437-4BF1-AFD0-2BB3C5BE7252}.Debug|x86.Build.0 = Debug|Win32
		{AF4C541F-D437-4BF1-AFD0-2BB3C5BE7252}.Release|x64.ActiveCfg = Release|x64
		{AF4C541F-D437-4BF1-AFD0-2BB3C5BE7252}.Release|x64.Build.0 = Release|x64
		{AF4C541F-D437-4BF1-AFD0-2BB3C5BE7252}.Release|x86.ActiveCfg = Release|Win32
		{AF4C541F-D437-4BF1-AFD0-2BB3C5BE7252}.Release|x86.Build.0 = Release|Win32
		{6EA56A65-ACE3-434D-B0E3-95F27F419E9B}.Debug|x64.ActiveCfg = Debug|x64
		{6EA56A65-ACE3-434D-B0E3-95F27F419E9B}.Debug|x64.Build.0 = Debug|x64
		{6EA56A65-ACE3-434D-B0E3-95F27F419E9B}.Debug|x86.ActiveCfg = Debug|Win32
		{6EA56A65-ACE3-434D-B0E3-95F27F419E9B}.Debug|x86.Build.0 = Debug|Win32
		{6EA56A65-ACE3-434D-B0E3-95F27F419E9B}.Release|x64.ActiveCfg = Release|x64
		{6EA56A65-ACE3-434D-B0E3-95F27F419E9B}.Release|x64.Build.0 = Release|x64
		{6EA56A65-ACE3-434D-B0E3-95F27F419E9B}.Release|x86.ActiveCfg = Release|Win32
		{6EA56A65-ACE3-434D-B0E3-95F27F419E9B}.Release|x86.Build.0 = Release|Win32
		{BFF4D3C2-69F4-49F9-B166-4F26580ED625}.Debug|x64.ActiveCfg = Debug|x64
		{BFF4D3C2-69F4-49F9-B166-4F26580ED625}.Debug|x64.Build.0 = Debug|x64
		{BFF4D3C2-69F4-49F9-B166-4F26580ED625}.Debug|x86.ActiveCfg = Debug|Win32
		{BFF4D3C2-69F4-49F9-B166-4F26580ED625}.Debug|x86.Build.0 = Debug|Win32
		{BFF4D3C2-69F4-49F9-B166-4F26580ED625}.Release|x64.ActiveCfg = Release|x64
		{BFF4D3C2-69F4-49F9-B166-4F26580ED625}.Release|x64.Build.0 = Release|x64
		{BFF4D3C2-69F4-49F9-B166-4F26580ED625}.Release|x86.ActiveCfg = Release|Win32
		{BFF4D3C2-69F4-49F9-B166-4F26580ED625}.Release|x86.Build.0 = Release|Win32
		{3DE1C4D7-FCB5-4480-820F-D99C09AB0439}.Debug|x64.ActiveCfg = Debug|x64
		{3DE1C4D7-FCB5-4480-820F-D99C09AB0439}.Debug|x64.Build.0 = Debug|x64
		{3DE1C4D7-FCB5-4480-820F-D99C09AB0439}.Debug|x86.ActiveCfg = Debug|Win32
		{3DE1C4D7-FCB5-4480-820F-D99C09AB0439}.Debug|x86.Build.0 = Debug|Win32
		{3DE1C4D7-FCB5-4480-820F-D99C09AB0439}.Release|x64.ActiveCfg = Release|x64
		{3DE1C4D7-FCB5-4480-820F-D99C09AB0439}.Release|x64.Build.0 = Release|x64
		{3DE1C4D7-FCB5-4480-820F-D99C09AB0439}.Release|x86.ActiveCfg = Release|Win32
		{3DE1C4D7-FCB5-4480-820F-D99C09AB0439}.Release|x86.Build.0 = Release|Win32
		{35FDAE7C-A96B-4229-8233-E0590223DD23}.Debug|x64.ActiveCfg = Debug|x64
		{35FDAE7C-A96B-4229-8233-E0590223DD23}.Debug|x64.Build.0 = Debug|x64
		{35FDAE7C-A96B-4229-8233-E0590223DD23}.Debug|x86.ActiveCfg = Debug|Win32
		{35FDAE7C-A96B-4229-8233-E0590223DD23}.Debug|x86.Build.0 = Debug|Win32
		{35FDAE7C-A96B-4229-8233-E0590223DD23}.Release|x64.ActiveCfg = Release|x64
		{35FDAE7C-A96B-4229-8233-E0590223DD23}.Release|x64.Build.0 = Release|x64
		{35FDAE7C-A96B-4229-8233-E0590223DD23}.Release|x86.ActiveCfg = Release|Win32
		{35FDAE7C-A96B-4229-8233-E0590223DD23}.Release|x86.Build.0 = Release|Win32
		{F0DFF067-8BFA-4F9F-8D21-712D8CC4EE05}.Debug|x64.ActiveCfg = Debug|x64
		{F0DFF067-8BFA-4F9F-8D21-712D8CC4EE05}.Debug|x64.Build.0 = Debug|x64
		{F0DFF067-8BFA-4F9F-8D21-712D8CC4EE05}.Debug|x86.ActiveCfg = Debug|Win32
		{F0DFF067-8BFA-4F9F-8D21-712D8CC4EE05}.Debug|x86.Build.0 = Debug|Win32
		{F0DFF067-8BFA-4F9F-8D21-712D8CC4EE05}.Release|x64.ActiveCfg = Release|x64
		{F0DFF067-8BFA-4F9F-8D21-712D8CC4EE05}.Release|x64.Build.0 = Release|x64
		{F0DFF067-8BFA-4F9F-8D21-712D8CC4EE05}.Release|x86.ActiveCfg = Release|Win32
		{F0DFF067-8BFA-4F9F-8D21-712D8CC4EE05}.Release|x86.Build.0 = Release|Win32
		{D267569E-0A87-4C85-97B3-BEE100A93810}.Debug|x64.ActiveCfg = Debug|x64
		{D267569E-0A87-4C85-97B3-BEE100A93810}.Debug|x64.Build.0 = Debug|x64
		{D267569E-0A87-4C85-97B3-BEE100A93810}.Debug|x86.ActiveCfg = Debug|Win32
		{D267569E-0A87-4C85-97B3-BEE100A93810}.Debug|x86.Build.0 = Debug|Win32
		{D267569E-0A87-4C85-97B3-BEE100A93810}.Release|x64.ActiveCfg = Release|x64
		{D267569E-0A87-4C85-97B3-BEE100A93810}.Release|x64.Build.0 = Release|x64
		{D267569E-0A87-4C85-97B3-BEE100A93810}.Release|x86.ActiveCfg = Release|Win32
		{D267569E-0A87-4C85-97B3-BEE100A93810}.Release|x86.Build.0 = Release|Win32
		{8343E7A6-3884-4C9F-A4C3-803777B16B6C}.Debug|x64.ActiveCfg = Debug|x64
		{8343E7A6-3884-4C9F-A4C3-803777B16B6C}.Debug|x64.Build.0 = Debug|x64
		{8343E7A6-3884-4C9F-A4C3-803777B16B6C}.Debug|x86.ActiveCfg = Debug|Win32
		{8343E7A6-3884-4C9F-A4C3-803777B16B6C}.Debug|x86.Build.0 = Debug|Win32
		{8343E7A6-3884-4C9F-A4C3-803777B16B6C}.Release|x64.ActiveCfg = Release|x64
		{8343E7A6-3884-4C9F-A4C3-803777B16B6C}.Release|x64.Build.0 = Release|x64
		{8343E7A6-3884-4C9F-A4C3-803777B16B6C}.Release|x86.ActiveCfg = Release|Win32
		{8343E7A6-3884-4C9F-A4C3-803777B16B6C}.Release|x86.Build.0 = Release|Win32
		{826D913C-0913-40EB-AF6A-0575FF900BA1}.Debug|x64.ActiveCfg = Debug|x64
		{826D913C-0913-40EB-AF6A-0575FF900BA1}.Debug|x64.Build.0 = Debug|x64
		{826D913C-0913-40EB-AF6A-0575FF900BA1}.Debug|x86.ActiveCfg = Debug|Win32
		{826D913C-0913-40EB-AF6A-0575FF900BA1}.Debug|x86.Build.0 = Debug|Win32
		{826D913C-0913-40EB-AF6A-0575FF900BA1}.Release|x64.ActiveCfg = Release|x64
		{826D913C-0913-40EB-AF6A-0575FF900BA1}.Release|x64.Build.0 = Release|x64
		{826D913C-0913-40EB-AF6A-0575FF900BA1}.Release|x86.ActiveCfg = Release|Win32
		{826D913C-0913-40EB-AF6A-0575FF900BA1}.Release|x86.Build.0 = Release|Win32
		{D48B9A0D-EF75-40BF-B6E3-E04AE55BCA0F}.Debug|x64.ActiveCfg = Debug|x64
		{D48B9A0D-EF75-40BF-B6E3-E04AE55BCA0F}.Debug|x64.Build.0 = Debug|x64
		{D48B9A0D-EF75-40BF-B6E3-E04AE55BCA0F}.Debug|x86.ActiveCfg = Debug|Win32
		{D48B9A0D-EF75-40BF-B6E3-E04AE55BCA0F}.Debug|x86.Build.0 = Debug|Win32
		{D48B9A0D-EF75-40BF-B6E3-E04AE55BCA0F}.Release|x64.ActiveCfg = Release|x64
		{D48B9A0D-EF75-40BF-B6E3-E04AE55BCA0F}.Release|x64.Build.0 = Release|x64
		{D48B9A0D-EF75-40BF-B6E3-E04AE55BCA0F}.Release|x86.ActiveCfg = Release|Win32
		{D48B9A0D-EF75-40BF-B6E3-E04AE55BCA0F}.Release|x86.Build.0 = Release|Win32
		{8BAD3D68-237E-4643-928D-D52EFA25A2CA}.Debug|x64.ActiveCfg = Debug|x64
		{8BAD3D68-237E-4643-928D-D52EFA25A2CA}.Debug|x64.Build.0 = Debug|x64
		{8BAD3D68-237E-4643-928D-D52EFA25A2CA}.Debug|x86.ActiveCfg = Debug|Win32
		{8BAD3D68-237E-4643-928D-D52EFA25A2CA}.Debug|x86.Build.0 = Debug|Win32
		{8BAD3D68-237E-4643-928D-D52EFA25A2CA}.Release|x64.ActiveCfg = Release|x64
		{8BAD3D68-237E-4643-928D-D52EFA25A2CA}.Release|x64.Build.0 = Release|x64
		{8BAD3D68-237E-4643-928D-D52EFA25A2CA}.Release|x86.ActiveCfg = Release|Win32
		{8BAD3D68-237E-4643-928D-D52EFA25A2CA}.Release|x86.Build.0 = Release|Win32
	EndGlobalSection
	GlobalSection(SolutionProperties) = preSolution
		HideSolutionNode = FALSE
	EndGlobalSection
	GlobalSection(ExtensibilityGlobals) = postSolution
		SolutionGuid = {73BC3929-F93D-4523-B072-CC66B4F34D63}
	EndGlobalSection
EndGlobal
